# @generated - this file is auto-generated by `mise lock` https://mise.en.dev/dev-tools/mise-lock.html

[[tools."aqua:expert-lsp/expert"]]
version = "0.1.3"
backend = "aqua:expert-lsp/expert"

[tools."aqua:expert-lsp/expert"."platforms.linux-arm64"]
checksum = "sha256:aa2abde35f02eaab76c8a642fe228c43ec602f5c3c5ddfd34d15d22236f5254f"
url = "https://github.com/expert-lsp/expert/releases/download/v0.1.3/expert_linux_arm64"

[tools."aqua:expert-lsp/expert"."platforms.linux-arm64-musl"]
checksum = "sha256:aa2abde35f02eaab76c8a642fe228c43ec602f5c3c5ddfd34d15d22236f5254f"
url = "https://github.com/expert-lsp/expert/releases/download/v0.1.3/expert_linux_arm64"

[tools."aqua:expert-lsp/expert"."platforms.linux-x64"]
checksum = "sha256:f86a8731b2c578b291eadb7ac821a5cab1b26ed0192d12dc0196da9465a1cc98"
url = "https://github.com/expert-lsp/expert/releases/download/v0.1.3/expert_linux_amd64"

[tools."aqua:expert-lsp/expert"."platforms.linux-x64-musl"]
checksum = "sha256:f86a8731b2c578b291eadb7ac821a5cab1b26ed0192d12dc0196da9465a1cc98"
url = "https://github.com/expert-lsp/expert/releases/download/v0.1.3/expert_linux_amd64"

[tools."aqua:expert-lsp/expert"."platforms.macos-arm64"]
checksum = "sha256:e5fd8ce5ca2a9f7655d22a39dfa2d296260aa51c5a8fafd43a983d3a57ed339f"
url = "https://github.com/expert-lsp/expert/releases/download/v0.1.3/expert_darwin_arm64"

[tools."aqua:expert-lsp/expert"."platforms.macos-x64"]
checksum = "sha256:70c0727e57488fc4543441acecc24e57900199b367cc0b34adf378f635ccfc1c"
url = "https://github.com/expert-lsp/expert/releases/download/v0.1.3/expert_darwin_amd64"

[tools."aqua:expert-lsp/expert"."platforms.windows-x64"]
checksum = "sha256:4883359aede8b07e6af39974e06bee984ffa467f03343860fd7d053bbda5a4a9"
url = "https://github.com/expert-lsp/expert/releases/download/v0.1.3/expert_windows_amd64.exe"

[[tools.aube]]
version = "1.14.1"
backend = "github:endevco/aube"

[tools.aube."platforms.linux-arm64"]
checksum = "sha256:02355dacc9c4f68e746b2063c7688b20a1bdc7dffd3c05036bb4f1b8c32816d4"
url = "https://github.com/endevco/aube/releases/download/v1.14.1/aube-v1.14.1-aarch64-unknown-linux-gnu.tar.gz"
url_api = "https://api.github.com/repos/endevco/aube/releases/assets/420711572"
provenance = "github-attestations"

[tools.aube."platforms.linux-arm64-musl"]
checksum = "sha256:2e58f7e1866fa21faca256069d41db1ee7fe1f46040b5f19c87222eeeaaee58f"
url = "https://github.com/endevco/aube/releases/download/v1.14.1/aube-v1.14.1-aarch64-unknown-linux-musl.tar.gz"
url_api = "https://api.github.com/repos/endevco/aube/releases/assets/420691692"
provenance = "github-attestations"

[tools.aube."platforms.linux-x64"]
checksum = "sha256:f51bb0cce79df01357af6fc7f9bd79b6dba27f1f889691e776040d53bc888ce9"
url = "https://github.com/endevco/aube/releases/download/v1.14.1/aube-v1.14.1-x86_64-unknown-linux-gnu.tar.gz"
url_api = "https://api.github.com/repos/endevco/aube/releases/assets/420696179"
provenance = "github-attestations"

[tools.aube."platforms.linux-x64-musl"]
checksum = "sha256:ddc469bf8b48c756f6e8059fef839c1c0f48c58a65ab1c5d9314c6d51275bbce"
url = "https://github.com/endevco/aube/releases/download/v1.14.1/aube-v1.14.1-x86_64-unknown-linux-musl.tar.gz"
url_api = "https://api.github.com/repos/endevco/aube/releases/assets/420695394"
provenance = "github-attestations"

[tools.aube."platforms.macos-arm64"]
checksum = "sha256:0176c63ba10508ce3defed0194ee98af15e4a8d45400aa7bf7811df8778a9b95"
url = "https://github.com/endevco/aube/releases/download/v1.14.1/aube-v1.14.1-aarch64-apple-darwin.tar.gz"
url_api = "https://api.github.com/repos/endevco/aube/releases/assets/420744187"
provenance = "github-attestations"

[tools.aube."platforms.windows-x64"]
checksum = "sha256:f6a029ee9701eed16539eb55e931d57f123d53ac901aba68d2228bd645815bd3"
url = "https://github.com/endevco/aube/releases/download/v1.14.1/aube-v1.14.1-x86_64-pc-windows-msvc.zip"
url_api = "https://api.github.com/repos/endevco/aube/releases/assets/420701420"
provenance = "github-attestations"

[[tools.fd]]
version = "10.4.2"
backend = "aqua:sharkdp/fd"

[tools.fd."platforms.linux-arm64"]
checksum = "sha256:f32d3657473fba74e2600babc8db0b93420d51169223b7e8143b2ed55d8fd9e8"
url = "https://github.com/sharkdp/fd/releases/download/v10.4.2/fd-v10.4.2-aarch64-unknown-linux-musl.tar.gz"

[tools.fd."platforms.linux-arm64-musl"]
checksum = "sha256:f32d3657473fba74e2600babc8db0b93420d51169223b7e8143b2ed55d8fd9e8"
url = "https://github.com/sharkdp/fd/releases/download/v10.4.2/fd-v10.4.2-aarch64-unknown-linux-musl.tar.gz"

[tools.fd."platforms.linux-x64"]
checksum = "sha256:e3257d48e29a6be965187dbd24ce9af564e0fe67b3e73c9bdcd180f4ec11bdde"
url = "https://github.com/sharkdp/fd/releases/download/v10.4.2/fd-v10.4.2-x86_64-unknown-linux-musl.tar.gz"

[tools.fd."platforms.linux-x64-musl"]
checksum = "sha256:e3257d48e29a6be965187dbd24ce9af564e0fe67b3e73c9bdcd180f4ec11bdde"
url = "https://github.com/sharkdp/fd/releases/download/v10.4.2/fd-v10.4.2-x86_64-unknown-linux-musl.tar.gz"

[tools.fd."platforms.macos-arm64"]
checksum = "sha256:623dc0afc81b92e4d4606b380d7bc91916ba7b97814263e554d50923a39e480a"
url = "https://github.com/sharkdp/fd/releases/download/v10.4.2/fd-v10.4.2-aarch64-apple-darwin.tar.gz"

[tools.fd."platforms.windows-x64"]
checksum = "sha256:b2816e506390a89941c63c9187d58a3cc10e9a55f2ef0685f9ea0eccaf7c98c8"
url = "https://github.com/sharkdp/fd/releases/download/v10.4.2/fd-v10.4.2-x86_64-pc-windows-msvc.zip"

[[tools.fzf]]
version = "0.72.0"
backend = "aqua:junegunn/fzf"

[tools.fzf."platforms.linux-arm64"]
checksum = "sha256:a0a5b50730f568c5f08b8dbba1e6e598db253e1856d371290086786b889b996b"
url = "https://github.com/junegunn/fzf/releases/download/v0.72.0/fzf-0.72.0-linux_arm64.tar.gz"

[tools.fzf."platforms.linux-arm64-musl"]
checksum = "sha256:a0a5b50730f568c5f08b8dbba1e6e598db253e1856d371290086786b889b996b"
url = "https://github.com/junegunn/fzf/releases/download/v0.72.0/fzf-0.72.0-linux_arm64.tar.gz"

[tools.fzf."platforms.linux-x64"]
checksum = "sha256:0e58e4bd0b3c5d68c56b54c460a6863d0de79633ed18d388575a960ab447b006"
url = "https://github.com/junegunn/fzf/releases/download/v0.72.0/fzf-0.72.0-linux_amd64.tar.gz"

[tools.fzf."platforms.linux-x64-musl"]
checksum = "sha256:0e58e4bd0b3c5d68c56b54c460a6863d0de79633ed18d388575a960ab447b006"
url = "https://github.com/junegunn/fzf/releases/download/v0.72.0/fzf-0.72.0-linux_amd64.tar.gz"

[tools.fzf."platforms.macos-arm64"]
checksum = "sha256:4cbf87e8e8a342614c1e3e74670ceb18c2af998c4d4d0c379cfee9b520774e90"
url = "https://github.com/junegunn/fzf/releases/download/v0.72.0/fzf-0.72.0-darwin_arm64.tar.gz"

[tools.fzf."platforms.macos-x64"]
checksum = "sha256:561c9db95cc1f75c8ad7e1d4461b2da0c8461189041f610ff1205f6303b84634"
url = "https://github.com/junegunn/fzf/releases/download/v0.72.0/fzf-0.72.0-darwin_amd64.tar.gz"

[tools.fzf."platforms.windows-x64"]
checksum = "sha256:cce66ae7e442030334927bfbfd917690713e63d215aba93027f99807828fe239"
url = "https://github.com/junegunn/fzf/releases/download/v0.72.0/fzf-0.72.0-windows_amd64.zip"

[[tools.go]]
version = "1.26.2"
backend = "core:go"

[tools.go."platforms.linux-arm64"]
checksum = "sha256:c958a1fe1b361391db163a485e21f5f228142d6f8b584f6bef89b26f66dc5b23"
url = "https://dl.google.com/go/go1.26.2.linux-arm64.tar.gz"

[tools.go."platforms.linux-arm64-musl"]
checksum = "sha256:c958a1fe1b361391db163a485e21f5f228142d6f8b584f6bef89b26f66dc5b23"
url = "https://dl.google.com/go/go1.26.2.linux-arm64.tar.gz"

[tools.go."platforms.linux-x64"]
checksum = "sha256:990e6b4bbba816dc3ee129eaeaf4b42f17c2800b88a2166c265ac1a200262282"
url = "https://dl.google.com/go/go1.26.2.linux-amd64.tar.gz"

[tools.go."platforms.linux-x64-musl"]
checksum = "sha256:990e6b4bbba816dc3ee129eaeaf4b42f17c2800b88a2166c265ac1a200262282"
url = "https://dl.google.com/go/go1.26.2.linux-amd64.tar.gz"

[tools.go."platforms.macos-arm64"]
checksum = "sha256:32af1522bf3e3ff3975864780a429cc0b41d190ec7bf90faa661d6d64566e7af"
url = "https://dl.google.com/go/go1.26.2.darwin-arm64.tar.gz"

[tools.go."platforms.macos-x64"]
checksum = "sha256:bc3f1500d9968c36d705442d90ba91addf9271665033748b82532682e90a7966"
url = "https://dl.google.com/go/go1.26.2.darwin-amd64.tar.gz"

[tools.go."platforms.windows-x64"]
checksum = "sha256:98eb3570bade15cb826b0909338df6cc6d2cf590bc39c471142002db3832b708"
url = "https://dl.google.com/go/go1.26.2.windows-amd64.zip"

[[tools.lazygit]]
version = "0.61.1"
backend = "aqua:jesseduffield/lazygit"

[tools.lazygit."platforms.linux-arm64"]
checksum = "sha256:20b1abb2bee5dfd46173b9047353eb678bc51a23839e821958d0b1863ab1655e"
url = "https://github.com/jesseduffield/lazygit/releases/download/v0.61.1/lazygit_0.61.1_linux_arm64.tar.gz"

[tools.lazygit."platforms.linux-arm64-musl"]
checksum = "sha256:20b1abb2bee5dfd46173b9047353eb678bc51a23839e821958d0b1863ab1655e"
url = "https://github.com/jesseduffield/lazygit/releases/download/v0.61.1/lazygit_0.61.1_linux_arm64.tar.gz"

[tools.lazygit."platforms.linux-x64"]
checksum = "sha256:1b91e660700f2332696726b635202576b543e2bc49b639830dccd26bc5160d5d"
url = "https://github.com/jesseduffield/lazygit/releases/download/v0.61.1/lazygit_0.61.1_linux_x86_64.tar.gz"

[tools.lazygit."platforms.linux-x64-musl"]
checksum = "sha256:1b91e660700f2332696726b635202576b543e2bc49b639830dccd26bc5160d5d"
url = "https://github.com/jesseduffield/lazygit/releases/download/v0.61.1/lazygit_0.61.1_linux_x86_64.tar.gz"

[tools.lazygit."platforms.macos-arm64"]
checksum = "sha256:cb665faec92d1574d398296869c084d2b9686464a42806558b967bb87cd07bc9"
url = "https://github.com/jesseduffield/lazygit/releases/download/v0.61.1/lazygit_0.61.1_darwin_arm64.tar.gz"

[tools.lazygit."platforms.macos-x64"]
checksum = "sha256:6efdb97b8ec24b5729156555d6bc05b340776f00084ddd78ab8bdc7f3dd9b727"
url = "https://github.com/jesseduffield/lazygit/releases/download/v0.61.1/lazygit_0.61.1_darwin_x86_64.tar.gz"

[tools.lazygit."platforms.windows-x64"]
checksum = "sha256:6024f3094904caaf9b9672b801cba31a65ad36729a0d2c5a03c432f739c0678b"
url = "https://github.com/jesseduffield/lazygit/releases/download/v0.61.1/lazygit_0.61.1_windows_x86_64.zip"

[[tools.lsd]]
version = "1.2.0"
backend = "aqua:lsd-rs/lsd"

[tools.lsd."platforms.linux-arm64"]
checksum = "sha256:642ecb1a763b9f790a99c83a1445c117a6813ed4edb5d498d4420423c6353eb8"
url = "https://github.com/lsd-rs/lsd/releases/download/v1.2.0/lsd-v1.2.0-aarch64-unknown-linux-musl.tar.gz"

[tools.lsd."platforms.linux-arm64-musl"]
checksum = "sha256:642ecb1a763b9f790a99c83a1445c117a6813ed4edb5d498d4420423c6353eb8"
url = "https://github.com/lsd-rs/lsd/releases/download/v1.2.0/lsd-v1.2.0-aarch64-unknown-linux-musl.tar.gz"

[tools.lsd."platforms.linux-x64"]
checksum = "sha256:77849da1210336534258551a581401ba19ae6b8d7b66a2a1feff148ad41e3814"
url = "https://github.com/lsd-rs/lsd/releases/download/v1.2.0/lsd-v1.2.0-x86_64-unknown-linux-musl.tar.gz"

[tools.lsd."platforms.linux-x64-musl"]
checksum = "sha256:77849da1210336534258551a581401ba19ae6b8d7b66a2a1feff148ad41e3814"
url = "https://github.com/lsd-rs/lsd/releases/download/v1.2.0/lsd-v1.2.0-x86_64-unknown-linux-musl.tar.gz"

[tools.lsd."platforms.macos-arm64"]
checksum = "sha256:9e34a5d392ff913302098aad0543dafa1883c531eaf229b82f086c3fca675e3e"
url = "https://github.com/lsd-rs/lsd/releases/download/v1.2.0/lsd-v1.2.0-aarch64-apple-darwin.tar.gz"

[tools.lsd."platforms.macos-x64"]
checksum = "sha256:00d3c50551b270bbdf7da97816e5ba7f5fd10294cd310165f7f8b5523e738b9c"
url = "https://github.com/lsd-rs/lsd/releases/download/v1.2.0/lsd-v1.2.0-x86_64-apple-darwin.tar.gz"

[tools.lsd."platforms.windows-x64"]
checksum = "sha256:a65b9f457153934a7ce1f7e0fe1c4922a95bb2822222126e4fbaa6ee9c0d78e5"
url = "https://github.com/lsd-rs/lsd/releases/download/v1.2.0/lsd-v1.2.0-x86_64-pc-windows-msvc.zip"

[[tools.neovim]]
version = "stable"
backend = "vfox:mise-plugins/vfox-neovim"

[tools.neovim."platforms.linux-arm64"]
url = "https://github.com/neovim/neovim/releases/download/stable/nvim-linux-arm64.tar.gz"

[tools.neovim."platforms.linux-arm64-musl"]
url = "https://github.com/neovim/neovim/releases/download/stable/nvim-linux-arm64.tar.gz"

[tools.neovim."platforms.linux-x64"]
url = "https://github.com/neovim/neovim/releases/download/stable/nvim-linux-x86_64.tar.gz"

[tools.neovim."platforms.linux-x64-musl"]
url = "https://github.com/neovim/neovim/releases/download/stable/nvim-linux-x86_64.tar.gz"

[tools.neovim."platforms.macos-arm64"]
url = "https://github.com/neovim/neovim/releases/download/stable/nvim-macos-arm64.tar.gz"

[tools.neovim."platforms.macos-x64"]
url = "https://github.com/neovim/neovim/releases/download/stable/nvim-macos-x86_64.tar.gz"

[tools.neovim."platforms.windows-x64"]
url = "https://github.com/neovim/neovim/releases/download/stable/nvim-win64.zip"

[[tools.node]]
version = "24.9.0"
backend = "core:node"

[tools.node."platforms.linux-arm64"]
checksum = "sha256:dab232a90169737a48149149dd6707e7fdcbaefbaa94b4871047a38e93db947f"
url = "https://nodejs.org/dist/v24.9.0/node-v24.9.0-linux-arm64.tar.gz"

[tools.node."platforms.linux-arm64-musl"]
checksum = "sha256:ac7a895a3c80dd287e7f4be1e75f7fc924fa09bb0db042957ea5bf4c849afc56"
url = "https://unofficial-builds.nodejs.org/download/release/v24.9.0/node-v24.9.0-linux-arm64-musl.tar.gz"

[tools.node."platforms.linux-x64"]
checksum = "sha256:d57d6c28a35785f58f33899a0aa0bfc83f7a8ef4448b6cf3f7d0961efc7b9189"
url = "https://nodejs.org/dist/v24.9.0/node-v24.9.0-linux-x64.tar.gz"

[tools.node."platforms.linux-x64-musl"]
checksum = "sha256:aaa54abe27cb125652e96585cac9b67588ba8dae034fde47fbef2993136a9a05"
url = "https://unofficial-builds.nodejs.org/download/release/v24.9.0/node-v24.9.0-linux-x64-musl.tar.gz"

[tools.node."platforms.macos-arm64"]
checksum = "sha256:961024296c2a8e60daed0784f8b61e0fab5c51d197502a92eff052c72b53209b"
url = "https://nodejs.org/dist/v24.9.0/node-v24.9.0-darwin-arm64.tar.gz"

[tools.node."platforms.macos-x64"]
checksum = "sha256:6c9ac12d3160538d96d456dc59a8fec1479e3f8b20bfc0d61bc809eb9ec11417"
url = "https://nodejs.org/dist/v24.9.0/node-v24.9.0-darwin-x64.tar.gz"

[tools.node."platforms.windows-x64"]
checksum = "sha256:6873514c3e6a012917cc6f95ce48a6289253370d025f1b69db290d70feebfa6e"
url = "https://nodejs.org/dist/v24.9.0/node-v24.9.0-win-x64.zip"

[[tools."npm:skills"]]
version = "1.5.7"
backend = "npm:skills"

[[tools.oh-my-posh]]
version = "29.13.1"
backend = "aqua:JanDeDobbeleer/oh-my-posh"

[tools.oh-my-posh."platforms.linux-arm64"]
checksum = "sha256:3a58f9ff541a0437329c625fc537eb3228526ebe065dbd1f3ad6c8890882f548"
url = "https://github.com/JanDeDobbeleer/oh-my-posh/releases/download/v29.13.1/posh-linux-arm64"

[tools.oh-my-posh."platforms.linux-arm64-musl"]
checksum = "sha256:3a58f9ff541a0437329c625fc537eb3228526ebe065dbd1f3ad6c8890882f548"
url = "https://github.com/JanDeDobbeleer/oh-my-posh/releases/download/v29.13.1/posh-linux-arm64"

[tools.oh-my-posh."platforms.linux-x64"]
checksum = "sha256:6734935b1476c65d8db6e44d063634c3474311a997d4fd03b8f35d88983ef6b9"
url = "https://github.com/JanDeDobbeleer/oh-my-posh/releases/download/v29.13.1/posh-linux-amd64"

[tools.oh-my-posh."platforms.linux-x64-musl"]
checksum = "sha256:6734935b1476c65d8db6e44d063634c3474311a997d4fd03b8f35d88983ef6b9"
url = "https://github.com/JanDeDobbeleer/oh-my-posh/releases/download/v29.13.1/posh-linux-amd64"

[tools.oh-my-posh."platforms.macos-arm64"]
checksum = "sha256:0b308d8ef22e33411eac6e2514884b69d5b24f9250154d7921b6ba08f9700888"
url = "https://github.com/JanDeDobbeleer/oh-my-posh/releases/download/v29.13.1/posh-darwin-arm64"

[tools.oh-my-posh."platforms.macos-x64"]
checksum = "sha256:8097ce7ea4a5c035706222d01a0a0d91a81154fc8a2a440e2a98d04fc212119e"
url = "https://github.com/JanDeDobbeleer/oh-my-posh/releases/download/v29.13.1/posh-darwin-amd64"

[tools.oh-my-posh."platforms.windows-x64"]
checksum = "sha256:02a101c81cfa4aadcbae8c7437cc562c9513b9018a5c66d3163af0e1c60dad32"
url = "https://github.com/JanDeDobbeleer/oh-my-posh/releases/download/v29.13.1/posh-windows-amd64.exe"

[[tools.opencode]]
version = "1.15.0"
backend = "aqua:anomalyco/opencode"

[tools.opencode."platforms.linux-arm64"]
checksum = "sha256:6ec553a7803783dfc824080d03aaab20dfad701f9ae7e8c8ab250e6215dd4539"
url = "https://github.com/anomalyco/opencode/releases/download/v1.15.0/opencode-linux-arm64.tar.gz"

[tools.opencode."platforms.linux-arm64-musl"]
checksum = "sha256:2a0eb485396971f5577f16482b3913c235859f20900cafdbd1860f5352769961"
url = "https://github.com/anomalyco/opencode/releases/download/v1.15.0/opencode-linux-arm64-musl.tar.gz"

[tools.opencode."platforms.linux-x64"]
checksum = "sha256:daa8b8b59d96cf3b0ce72285c1c3b39e06e996331ba7f162a2991cfbfe2116b4"
url = "https://github.com/anomalyco/opencode/releases/download/v1.15.0/opencode-linux-x64.tar.gz"

[tools.opencode."platforms.linux-x64-musl"]
checksum = "sha256:8918f0706c7558674f11a81d1cedf9a2a0d093c6b55fed5fb0edc45f9c75693d"
url = "https://github.com/anomalyco/opencode/releases/download/v1.15.0/opencode-linux-x64-musl.tar.gz"

[tools.opencode."platforms.macos-arm64"]
checksum = "sha256:4f072f8d808167c4e72051cae04ae962c3771538b31ea39e57db9617b4154d2f"
url = "https://github.com/anomalyco/opencode/releases/download/v1.15.0/opencode-darwin-arm64.zip"

[tools.opencode."platforms.macos-x64"]
checksum = "sha256:e0d7f437118544e5c75201b8f7eacbabd485fcdcfaec7a8cec6257c4de9abaaf"
url = "https://github.com/anomalyco/opencode/releases/download/v1.15.0/opencode-darwin-x64.zip"

[tools.opencode."platforms.windows-x64"]
checksum = "sha256:e76abe3bb722664698032e6cc005980fd2e82f53070ceae37cd8c0860fbc3944"
url = "https://github.com/anomalyco/opencode/releases/download/v1.15.0/opencode-windows-x64.zip"

[[tools.pnpm]]
version = "11.1.2"
backend = "aqua:pnpm/pnpm"

[tools.pnpm."platforms.linux-arm64"]
checksum = "sha256:a62ca954f27cb0494d29f1a632d1d7a8a06d2c3608a4645f5c0714a3204da02b"
url = "https://github.com/pnpm/pnpm/releases/download/v11.1.2/pnpm-linux-arm64.tar.gz"
provenance = "github-attestations"

[tools.pnpm."platforms.linux-arm64-musl"]
checksum = "sha256:c315f8fff832352686fd5e0d67a1c721ab80bb903ba8376a8c4e49e5e341a09e"
url = "https://github.com/pnpm/pnpm/releases/download/v11.1.2/pnpm-linux-arm64-musl.tar.gz"
provenance = "github-attestations"

[tools.pnpm."platforms.linux-x64"]
checksum = "sha256:f82f761572d9621c5a646ccc00a1ecec4cf5839d66b714497e6ca10cd2e086ee"
url = "https://github.com/pnpm/pnpm/releases/download/v11.1.2/pnpm-linux-x64.tar.gz"
provenance = "github-attestations"

[tools.pnpm."platforms.linux-x64-musl"]
checksum = "sha256:3c98dfa5f0c2ba86eb48916318108dbfa0a0710dac46861b3f64d72e3defda00"
url = "https://github.com/pnpm/pnpm/releases/download/v11.1.2/pnpm-linux-x64-musl.tar.gz"
provenance = "github-attestations"

[tools.pnpm."platforms.macos-arm64"]
checksum = "sha256:2f46bcb7ac3c693af72e06e68467b3a9127cbf2a24b778382bc8beaff8463aee"
url = "https://github.com/pnpm/pnpm/releases/download/v11.1.2/pnpm-darwin-arm64.tar.gz"
provenance = "github-attestations"

[tools.pnpm."platforms.windows-x64"]
checksum = "sha256:441509ba8a5e860b7c9f41e3371aab6d2dda76a071aa95abbbedda8ab5c84798"
url = "https://github.com/pnpm/pnpm/releases/download/v11.1.2/pnpm-win32-x64.zip"
provenance = "github-attestations"

[[tools.python]]
version = "3.14.4"
backend = "core:python"

[tools.python."platforms.linux-arm64"]
checksum = "sha256:b8b597fdb2f8dccdc502c11947b60a4b65eb6bce79cfa60c7ccf9b6e8352c60a"
url = "https://github.com/astral-sh/python-build-standalone/releases/download/20260414/cpython-3.14.4+20260414-aarch64-unknown-linux-gnu-install_only_stripped.tar.gz"
provenance = "github-attestations"

[tools.python."platforms.linux-arm64-musl"]
checksum = "sha256:a10687b226e0941632569836bc1d8fa6353a8e3e8424316467ca9cdf220b983d"
url = "https://github.com/astral-sh/python-build-standalone/releases/download/20260414/cpython-3.14.4+20260414-aarch64-unknown-linux-musl-install_only_stripped.tar.gz"
provenance = "github-attestations"

[tools.python."platforms.linux-x64"]
checksum = "sha256:fe9a9c32d13870af632cbac3dfc7528ae53597e94472aa4c7d6a42e8166136cd"
url = "https://github.com/astral-sh/python-build-standalone/releases/download/20260414/cpython-3.14.4+20260414-x86_64-unknown-linux-gnu-install_only_stripped.tar.gz"
provenance = "github-attestations"

[tools.python."platforms.linux-x64-musl"]
checksum = "sha256:d6005226cd24e780630626232c7a63243d4885fdf975dcf930a0758a0759ce14"
url = "https://github.com/astral-sh/python-build-standalone/releases/download/20260414/cpython-3.14.4+20260414-x86_64-unknown-linux-musl-install_only_stripped.tar.gz"
provenance = "github-attestations"

[tools.python."platforms.macos-arm64"]
checksum = "sha256:6f304f4ec30854611f23316578302235fb517cd970519ecdd11a8c4db87fd843"
url = "https://github.com/astral-sh/python-build-standalone/releases/download/20260414/cpython-3.14.4+20260414-aarch64-apple-darwin-install_only_stripped.tar.gz"
provenance = "github-attestations"

[tools.python."platforms.macos-x64"]
checksum = "sha256:d51250a32fa5d9f0799c7bcb71720c27b10a3afd4a7de288120f96085d508a5a"
url = "https://github.com/astral-sh/python-build-standalone/releases/download/20260414/cpython-3.14.4+20260414-x86_64-apple-darwin-install_only_stripped.tar.gz"
provenance = "github-attestations"

[tools.python."platforms.windows-x64"]
checksum = "sha256:a976991dcd085c1bb5d9a8084823a6bc8b7f9b079d8c432574a6ddd68c3a6fe1"
url = "https://github.com/astral-sh/python-build-standalone/releases/download/20260414/cpython-3.14.4+20260414-x86_64-pc-windows-msvc-install_only_stripped.tar.gz"
provenance = "github-attestations"

[[tools.ripgrep]]
version = "15.1.0"
backend = "aqua:BurntSushi/ripgrep"

[tools.ripgrep."platforms.linux-arm64"]
checksum = "sha256:2b661c6ef508e902f388e9098d9c4c5aca72c87b55922d94abdba830b4dc885e"
url = "https://github.com/BurntSushi/ripgrep/releases/download/15.1.0/ripgrep-15.1.0-aarch64-unknown-linux-gnu.tar.gz"

[tools.ripgrep."platforms.linux-x64"]
checksum = "sha256:1c9297be4a084eea7ecaedf93eb03d058d6faae29bbc57ecdaf5063921491599"
url = "https://github.com/BurntSushi/ripgrep/releases/download/15.1.0/ripgrep-15.1.0-x86_64-unknown-linux-musl.tar.gz"

[tools.ripgrep."platforms.linux-x64-musl"]
checksum = "sha256:1c9297be4a084eea7ecaedf93eb03d058d6faae29bbc57ecdaf5063921491599"
url = "https://github.com/BurntSushi/ripgrep/releases/download/15.1.0/ripgrep-15.1.0-x86_64-unknown-linux-musl.tar.gz"

[tools.ripgrep."platforms.macos-arm64"]
checksum = "sha256:378e973289176ca0c6054054ee7f631a065874a352bf43f0fa60ef079b6ba715"
url = "https://github.com/BurntSushi/ripgrep/releases/download/15.1.0/ripgrep-15.1.0-aarch64-apple-darwin.tar.gz"

[tools.ripgrep."platforms.macos-x64"]
checksum = "sha256:64811cb24e77cac3057d6c40b63ac9becf9082eedd54ca411b475b755d334882"
url = "https://github.com/BurntSushi/ripgrep/releases/download/15.1.0/ripgrep-15.1.0-x86_64-apple-darwin.tar.gz"

[tools.ripgrep."platforms.windows-x64"]
checksum = "sha256:124510b94b6baa3380d051fdf4650eaa80a302c876d611e9dba0b2e18d87493a"
url = "https://github.com/BurntSushi/ripgrep/releases/download/15.1.0/ripgrep-15.1.0-x86_64-pc-windows-msvc.zip"

[[tools.rust]]
version = "1.95.0"
backend = "core:rust"

[[tools.tree-sitter]]
version = "0.26.8"
backend = "aqua:tree-sitter/tree-sitter"

[tools.tree-sitter."platforms.linux-arm64"]
checksum = "sha256:e339d6533b20830dd1666fe320aff85d301b3f59964a3836870b77f4827f9a17"
url = "https://github.com/tree-sitter/tree-sitter/releases/download/v0.26.8/tree-sitter-linux-arm64.gz"
provenance = "github-attestations"

[tools.tree-sitter."platforms.linux-arm64-musl"]
checksum = "sha256:e339d6533b20830dd1666fe320aff85d301b3f59964a3836870b77f4827f9a17"
url = "https://github.com/tree-sitter/tree-sitter/releases/download/v0.26.8/tree-sitter-linux-arm64.gz"
provenance = "github-attestations"

[tools.tree-sitter."platforms.linux-x64"]
checksum = "sha256:9754a32800f0b970152782df177b4a47c711e34e651a7aceb384d8bd29fa136e"
url = "https://github.com/tree-sitter/tree-sitter/releases/download/v0.26.8/tree-sitter-linux-x64.gz"
provenance = "github-attestations"

[tools.tree-sitter."platforms.linux-x64-musl"]
checksum = "sha256:9754a32800f0b970152782df177b4a47c711e34e651a7aceb384d8bd29fa136e"
url = "https://github.com/tree-sitter/tree-sitter/releases/download/v0.26.8/tree-sitter-linux-x64.gz"
provenance = "github-attestations"

[tools.tree-sitter."platforms.macos-arm64"]
checksum = "sha256:024e2cee34723524d62d41bde4d2b4af23c8bbe0236e116c79c0b37d9575889e"
url = "https://github.com/tree-sitter/tree-sitter/releases/download/v0.26.8/tree-sitter-macos-arm64.gz"
provenance = "github-attestations"

[tools.tree-sitter."platforms.macos-x64"]
checksum = "sha256:d0daa279054c1d1cedb08f5ca784b451ceb1f0e6b083b112d07317958ae77fe0"
url = "https://github.com/tree-sitter/tree-sitter/releases/download/v0.26.8/tree-sitter-macos-x64.gz"
provenance = "github-attestations"

[tools.tree-sitter."platforms.windows-x64"]
checksum = "sha256:28301a969412066bf4818c30c71d9c313091a9b9dc24b53a14ddda3a8e2cc2bb"
url = "https://github.com/tree-sitter/tree-sitter/releases/download/v0.26.8/tree-sitter-windows-x64.gz"
provenance = "github-attestations"

[[tools.typstyle]]
version = "0.14.4"
backend = "aqua:Enter-tainer/typstyle"

[tools.typstyle."platforms.linux-arm64"]
checksum = "sha256:b8c220c0d940d7690fb15ef10415de35fdc115465a7534d8102459c68aeec74d"
url = "https://github.com/typstyle-rs/typstyle/releases/download/v0.14.4/typstyle-aarch64-unknown-linux-gnu"

[tools.typstyle."platforms.linux-x64"]
checksum = "sha256:48d9a9a3885855f1b4f6c2b8ea9739623bc458b99c015b77c4f50a1f342ea091"
url = "https://github.com/typstyle-rs/typstyle/releases/download/v0.14.4/typstyle-x86_64-unknown-linux-musl"

[tools.typstyle."platforms.linux-x64-musl"]
checksum = "sha256:48d9a9a3885855f1b4f6c2b8ea9739623bc458b99c015b77c4f50a1f342ea091"
url = "https://github.com/typstyle-rs/typstyle/releases/download/v0.14.4/typstyle-x86_64-unknown-linux-musl"

[tools.typstyle."platforms.macos-arm64"]
checksum = "sha256:dda3a162f2457a40570c3552cc9c01004138b33f2f921112b117d72f48bd6d56"
url = "https://github.com/typstyle-rs/typstyle/releases/download/v0.14.4/typstyle-aarch64-apple-darwin"

[tools.typstyle."platforms.macos-x64"]
checksum = "sha256:2343f7a4801d9bbda5d7441e8fea95f98b590d6aa3083da5c4e4ca3de885350f"
url = "https://github.com/typstyle-rs/typstyle/releases/download/v0.14.4/typstyle-x86_64-apple-darwin"

[tools.typstyle."platforms.windows-x64"]
checksum = "sha256:b16aebaed0aa296ef3e055d611f1e917f5849d3eb0f953bbcaa6f09f0503fb5b"
url = "https://github.com/typstyle-rs/typstyle/releases/download/v0.14.4/typstyle-x86_64-pc-windows-msvc.exe"

[[tools.uv]]
version = "0.11.14"
backend = "aqua:astral-sh/uv"

[tools.uv."platforms.linux-arm64"]
checksum = "sha256:d7d3966e46915c5f6932692aaf152a2473eecb1d2517ca4f8e88a07484b380b6"
url = "https://github.com/astral-sh/uv/releases/download/0.11.14/uv-aarch64-unknown-linux-musl.tar.gz"
provenance = "github-attestations"

[tools.uv."platforms.linux-arm64-musl"]
checksum = "sha256:d7d3966e46915c5f6932692aaf152a2473eecb1d2517ca4f8e88a07484b380b6"
url = "https://github.com/astral-sh/uv/releases/download/0.11.14/uv-aarch64-unknown-linux-musl.tar.gz"
provenance = "github-attestations"

[tools.uv."platforms.linux-x64"]
checksum = "sha256:077d36f45a0cc6d440b653b2d5c53e7731121e99e54b0221267eec5d1cae76ce"
url = "https://github.com/astral-sh/uv/releases/download/0.11.14/uv-x86_64-unknown-linux-musl.tar.gz"
provenance = "github-attestations"

[tools.uv."platforms.linux-x64-musl"]
checksum = "sha256:077d36f45a0cc6d440b653b2d5c53e7731121e99e54b0221267eec5d1cae76ce"
url = "https://github.com/astral-sh/uv/releases/download/0.11.14/uv-x86_64-unknown-linux-musl.tar.gz"
provenance = "github-attestations"

[tools.uv."platforms.macos-arm64"]
checksum = "sha256:4333af5c0730d94323a7819bbdf87ce92dd07fc857d67fff0059e0fca31b5c02"
url = "https://github.com/astral-sh/uv/releases/download/0.11.14/uv-aarch64-apple-darwin.tar.gz"
provenance = "github-attestations"

[tools.uv."platforms.macos-x64"]
checksum = "sha256:9836c1440b0bd6aa5f81793648a339bd01d593b7b8f575de3b855dae4ab64654"
url = "https://github.com/astral-sh/uv/releases/download/0.11.14/uv-x86_64-apple-darwin.tar.gz"
provenance = "github-attestations"

[tools.uv."platforms.windows-x64"]
checksum = "sha256:52ba5d19409aaa688a8a1a6ec8dfb6a4817230d20186e75f4006105c3e39a846"
url = "https://github.com/astral-sh/uv/releases/download/0.11.14/uv-x86_64-pc-windows-msvc.zip"
provenance = "github-attestations"

[[tools.yarn]]
version = "4.14.1"
backend = "vfox:mise-plugins/vfox-yarn"
