# @generated - this file is auto-generated by `mise lock` https://mise.en.dev/dev-tools/mise-lock.html

[[tools."aqua:earendil-works/pi"]]
version = "0.80.2"
backend = "aqua:earendil-works/pi"

[tools."aqua:earendil-works/pi"."platforms.linux-arm64"]
checksum = "sha256:0719ecf50a42cae79f4c6f0d4a62e08e8d4421788ccd050d08a5bbf35c88edf6"
url = "https://github.com/earendil-works/pi/releases/download/v0.80.2/pi-linux-arm64.tar.gz"

[tools."aqua:earendil-works/pi"."platforms.linux-arm64-musl"]
checksum = "sha256:0719ecf50a42cae79f4c6f0d4a62e08e8d4421788ccd050d08a5bbf35c88edf6"
url = "https://github.com/earendil-works/pi/releases/download/v0.80.2/pi-linux-arm64.tar.gz"

[tools."aqua:earendil-works/pi"."platforms.linux-x64"]
checksum = "sha256:2e68772bbeaacd73488751098193875389636b80589100609a29921ded71c984"
url = "https://github.com/earendil-works/pi/releases/download/v0.80.2/pi-linux-x64.tar.gz"

[tools."aqua:earendil-works/pi"."platforms.linux-x64-musl"]
checksum = "sha256:2e68772bbeaacd73488751098193875389636b80589100609a29921ded71c984"
url = "https://github.com/earendil-works/pi/releases/download/v0.80.2/pi-linux-x64.tar.gz"

[tools."aqua:earendil-works/pi"."platforms.macos-arm64"]
checksum = "sha256:c7d125bbdebd863fa76d92274458ba0eb405e5cde39db34db1f49f767ed9f1dd"
url = "https://github.com/earendil-works/pi/releases/download/v0.80.2/pi-darwin-arm64.tar.gz"

[tools."aqua:earendil-works/pi"."platforms.macos-x64"]
checksum = "sha256:d4b6b62a0c34c0f2e4cb16ee6fd4f0086b86ad70e0488fd3daa9231216d84e2b"
url = "https://github.com/earendil-works/pi/releases/download/v0.80.2/pi-darwin-x64.tar.gz"

[tools."aqua:earendil-works/pi"."platforms.windows-x64"]
checksum = "sha256:8064ba8196f2b0a90054cfa61ca7ae7236155c2fd5de30835a4b61ec4929b4d2"
url = "https://github.com/earendil-works/pi/releases/download/v0.80.2/pi-windows-x64.zip"

[[tools."aqua:expert-lsp/expert"]]
version = "0.1.5"
backend = "aqua:expert-lsp/expert"

[tools."aqua:expert-lsp/expert"."platforms.linux-arm64"]
checksum = "sha256:2476374d9daed692679634c1e6d91814be025afdb93654bcf9e184cbbb655103"
url = "https://github.com/expert-lsp/expert/releases/download/v0.1.5/expert_linux_arm64"

[tools."aqua:expert-lsp/expert"."platforms.linux-arm64-musl"]
checksum = "sha256:2476374d9daed692679634c1e6d91814be025afdb93654bcf9e184cbbb655103"
url = "https://github.com/expert-lsp/expert/releases/download/v0.1.5/expert_linux_arm64"

[tools."aqua:expert-lsp/expert"."platforms.linux-x64"]
checksum = "sha256:9879553d2fed81cd194fd1ea10e24615733073394c24a99ca87d9ffd28a9f3d1"
url = "https://github.com/expert-lsp/expert/releases/download/v0.1.5/expert_linux_amd64"

[tools."aqua:expert-lsp/expert"."platforms.linux-x64-musl"]
checksum = "sha256:9879553d2fed81cd194fd1ea10e24615733073394c24a99ca87d9ffd28a9f3d1"
url = "https://github.com/expert-lsp/expert/releases/download/v0.1.5/expert_linux_amd64"

[tools."aqua:expert-lsp/expert"."platforms.macos-arm64"]
checksum = "sha256:25970564b6094e56b7bcccae18d305cdad51c82f7de6e5004fb88f08a3ba1cde"
url = "https://github.com/expert-lsp/expert/releases/download/v0.1.5/expert_darwin_arm64"

[tools."aqua:expert-lsp/expert"."platforms.macos-x64"]
checksum = "sha256:0215cb684307feda78c3d9e9e8168a874287607e6a57b985657338656c5dfe4a"
url = "https://github.com/expert-lsp/expert/releases/download/v0.1.5/expert_darwin_amd64"

[tools."aqua:expert-lsp/expert"."platforms.windows-x64"]
checksum = "sha256:63bf2f0a626e9b76bed8b29e5706679ebc2f4ccfcd431822d7d422cf2b2e72f1"
url = "https://github.com/expert-lsp/expert/releases/download/v0.1.5/expert_windows_amd64.exe"

[[tools.aube]]
version = "1.25.1"
backend = "aqua:jdx/aube"

[tools.aube."platforms.linux-arm64"]
checksum = "sha256:c7efb8a0ebd8d83ac8a1c96d388b582fd2f28bae80ed81b3786e2a63d871babe"
url = "https://github.com/jdx/aube/releases/download/v1.25.1/aube-v1.25.1-aarch64-unknown-linux-gnu.tar.gz"
provenance = "github-attestations"

[tools.aube."platforms.linux-arm64-musl"]
checksum = "sha256:e5d374a6f12e0b7b71dada6e20a3a6d5e6698f235701b0ab13d2909de14592f9"
url = "https://github.com/jdx/aube/releases/download/v1.25.1/aube-v1.25.1-aarch64-unknown-linux-musl.tar.gz"
provenance = "github-attestations"

[tools.aube."platforms.linux-x64"]
checksum = "sha256:a17b12e647cf2e60998c8f6eddfb1c0d0375196fcc7c2bf05d5fc5305744638f"
url = "https://github.com/jdx/aube/releases/download/v1.25.1/aube-v1.25.1-x86_64-unknown-linux-gnu.tar.gz"
provenance = "github-attestations"

[tools.aube."platforms.linux-x64-musl"]
checksum = "sha256:7ee31f7a32dec01348e5a12e05d78f311c53ab7fb6667b19a41e182042d1c952"
url = "https://github.com/jdx/aube/releases/download/v1.25.1/aube-v1.25.1-x86_64-unknown-linux-musl.tar.gz"
provenance = "github-attestations"

[tools.aube."platforms.macos-arm64"]
checksum = "sha256:3d99c9c6d9d20f271312db39c46022898d765b6a407574f59d6accb0a430ee32"
url = "https://github.com/jdx/aube/releases/download/v1.25.1/aube-v1.25.1-aarch64-apple-darwin.tar.gz"
provenance = "github-attestations"

[tools.aube."platforms.windows-x64"]
checksum = "sha256:924c879cc92782e3ae8eb0a941b1c5d8d4d8e2bed87822fe6ebe628d40b1f276"
url = "https://github.com/jdx/aube/releases/download/v1.25.1/aube-v1.25.1-x86_64-pc-windows-msvc.zip"
provenance = "github-attestations"

[[tools.bun]]
version = "1.3.14"
backend = "core:bun"

[tools.bun."platforms.linux-arm64"]
checksum = "sha256:a27ffb63a8310375836e0d6f668ae17fa8d8d18b88c37c821c65331973a19a3b"
url = "https://github.com/oven-sh/bun/releases/download/bun-v1.3.14/bun-linux-aarch64.zip"

[tools.bun."platforms.linux-arm64-musl"]
checksum = "sha256:b98e0ad3625c5c00d1d5b5ff55605c7adddbfae151861e68ade57b2d3b8703bb"
url = "https://github.com/oven-sh/bun/releases/download/bun-v1.3.14/bun-linux-aarch64-musl.zip"

[tools.bun."platforms.linux-x64"]
checksum = "sha256:951ee2aee855f08595aeec6225226a298d3fea83a3dcd6465c09cbccdf7e848f"
url = "https://github.com/oven-sh/bun/releases/download/bun-v1.3.14/bun-linux-x64.zip"

[tools.bun."platforms.linux-x64-baseline"]
checksum = "sha256:a063908ae08b7852ca10939bbdc6ceed3ddabce8fb9402dce83d65d73b36e6c7"
url = "https://github.com/oven-sh/bun/releases/download/bun-v1.3.14/bun-linux-x64-baseline.zip"

[tools.bun."platforms.linux-x64-musl"]
checksum = "sha256:14bd9aedeebf1dba67e8def9531c89bc989ecfdf1de42e5bfcaf1b8cd9294719"
url = "https://github.com/oven-sh/bun/releases/download/bun-v1.3.14/bun-linux-x64-musl.zip"

[tools.bun."platforms.linux-x64-musl-baseline"]
checksum = "sha256:56a7d6806cf155536c0178f0ea5fbd098e684fa509ebdb4fc0a7e19fb65382dc"
url = "https://github.com/oven-sh/bun/releases/download/bun-v1.3.14/bun-linux-x64-musl-baseline.zip"

[tools.bun."platforms.macos-arm64"]
checksum = "sha256:d8b96221828ad6f97ac7ac0ab7e95872341af763001e8803e8267652c2652620"
url = "https://github.com/oven-sh/bun/releases/download/bun-v1.3.14/bun-darwin-aarch64.zip"

[tools.bun."platforms.macos-x64"]
checksum = "sha256:4183df3374623e5bab315c547cfa0974533cd457d86b73b639f7a87974cd6633"
url = "https://github.com/oven-sh/bun/releases/download/bun-v1.3.14/bun-darwin-x64.zip"

[tools.bun."platforms.macos-x64-baseline"]
checksum = "sha256:3e35ad6f53971a9834bf9e6786e2adf72b5f1921cc9a9c5fde073d2972944076"
url = "https://github.com/oven-sh/bun/releases/download/bun-v1.3.14/bun-darwin-x64-baseline.zip"

[tools.bun."platforms.windows-x64"]
checksum = "sha256:0a0620930b6675d7ba440e81f4e0e00d3cfbe096c4b140d3fff02205e9e18922"
url = "https://github.com/oven-sh/bun/releases/download/bun-v1.3.14/bun-windows-x64.zip"

[tools.bun."platforms.windows-x64-baseline"]
checksum = "sha256:538f9c846355d9e847b2671bc00c47da4229a0befb24df3282b739770f3b475f"
url = "https://github.com/oven-sh/bun/releases/download/bun-v1.3.14/bun-windows-x64-baseline.zip"

[[tools.fd]]
version = "10.4.2"
backend = "aqua:sharkdp/fd"

[tools.fd."platforms.linux-arm64"]
checksum = "sha256:f32d3657473fba74e2600babc8db0b93420d51169223b7e8143b2ed55d8fd9e8"
url = "https://github.com/sharkdp/fd/releases/download/v10.4.2/fd-v10.4.2-aarch64-unknown-linux-musl.tar.gz"

[tools.fd."platforms.linux-arm64-musl"]
checksum = "sha256:f32d3657473fba74e2600babc8db0b93420d51169223b7e8143b2ed55d8fd9e8"
url = "https://github.com/sharkdp/fd/releases/download/v10.4.2/fd-v10.4.2-aarch64-unknown-linux-musl.tar.gz"

[tools.fd."platforms.linux-x64"]
checksum = "sha256:e3257d48e29a6be965187dbd24ce9af564e0fe67b3e73c9bdcd180f4ec11bdde"
url = "https://github.com/sharkdp/fd/releases/download/v10.4.2/fd-v10.4.2-x86_64-unknown-linux-musl.tar.gz"

[tools.fd."platforms.linux-x64-musl"]
checksum = "sha256:e3257d48e29a6be965187dbd24ce9af564e0fe67b3e73c9bdcd180f4ec11bdde"
url = "https://github.com/sharkdp/fd/releases/download/v10.4.2/fd-v10.4.2-x86_64-unknown-linux-musl.tar.gz"

[tools.fd."platforms.macos-arm64"]
checksum = "sha256:623dc0afc81b92e4d4606b380d7bc91916ba7b97814263e554d50923a39e480a"
url = "https://github.com/sharkdp/fd/releases/download/v10.4.2/fd-v10.4.2-aarch64-apple-darwin.tar.gz"

[tools.fd."platforms.windows-x64"]
checksum = "sha256:b2816e506390a89941c63c9187d58a3cc10e9a55f2ef0685f9ea0eccaf7c98c8"
url = "https://github.com/sharkdp/fd/releases/download/v10.4.2/fd-v10.4.2-x86_64-pc-windows-msvc.zip"

[[tools.fzf]]
version = "0.73.1"
backend = "aqua:junegunn/fzf"

[tools.fzf."platforms.linux-arm64"]
checksum = "sha256:a408b0b6c08d486307b8f1554f967b8b50ee1b3ea8b4035e3161bab31fdfc28d"
url = "https://github.com/junegunn/fzf/releases/download/v0.73.1/fzf-0.73.1-linux_arm64.tar.gz"

[tools.fzf."platforms.linux-arm64-musl"]
checksum = "sha256:a408b0b6c08d486307b8f1554f967b8b50ee1b3ea8b4035e3161bab31fdfc28d"
url = "https://github.com/junegunn/fzf/releases/download/v0.73.1/fzf-0.73.1-linux_arm64.tar.gz"

[tools.fzf."platforms.linux-x64"]
checksum = "sha256:f3252c2c366bc1700d3c85781ec8c9695998927ac127870eb049ceea2d540f8a"
url = "https://github.com/junegunn/fzf/releases/download/v0.73.1/fzf-0.73.1-linux_amd64.tar.gz"

[tools.fzf."platforms.linux-x64-musl"]
checksum = "sha256:f3252c2c366bc1700d3c85781ec8c9695998927ac127870eb049ceea2d540f8a"
url = "https://github.com/junegunn/fzf/releases/download/v0.73.1/fzf-0.73.1-linux_amd64.tar.gz"

[tools.fzf."platforms.macos-arm64"]
checksum = "sha256:d27fd68c04fb9b42f7c73a3f7d38069a74d308e40174f64a072c747213e97286"
url = "https://github.com/junegunn/fzf/releases/download/v0.73.1/fzf-0.73.1-darwin_arm64.tar.gz"

[tools.fzf."platforms.macos-x64"]
checksum = "sha256:75bbf15248d1cf0a13eafc75b8a55f5075c437e2ba6d76899afc53f4f3e1b38c"
url = "https://github.com/junegunn/fzf/releases/download/v0.73.1/fzf-0.73.1-darwin_amd64.tar.gz"

[tools.fzf."platforms.windows-x64"]
checksum = "sha256:521a974dc32e93404265e55bffaf71a59e05e80abdf8ca4afb21a6030dc76f5f"
url = "https://github.com/junegunn/fzf/releases/download/v0.73.1/fzf-0.73.1-windows_amd64.zip"

[[tools.go]]
version = "1.26.2"
backend = "core:go"

[tools.go."platforms.linux-arm64"]
checksum = "sha256:c958a1fe1b361391db163a485e21f5f228142d6f8b584f6bef89b26f66dc5b23"
url = "https://dl.google.com/go/go1.26.2.linux-arm64.tar.gz"

[tools.go."platforms.linux-arm64-musl"]
checksum = "sha256:c958a1fe1b361391db163a485e21f5f228142d6f8b584f6bef89b26f66dc5b23"
url = "https://dl.google.com/go/go1.26.2.linux-arm64.tar.gz"

[tools.go."platforms.linux-x64"]
checksum = "sha256:990e6b4bbba816dc3ee129eaeaf4b42f17c2800b88a2166c265ac1a200262282"
url = "https://dl.google.com/go/go1.26.2.linux-amd64.tar.gz"

[tools.go."platforms.linux-x64-musl"]
checksum = "sha256:990e6b4bbba816dc3ee129eaeaf4b42f17c2800b88a2166c265ac1a200262282"
url = "https://dl.google.com/go/go1.26.2.linux-amd64.tar.gz"

[tools.go."platforms.macos-arm64"]
checksum = "sha256:32af1522bf3e3ff3975864780a429cc0b41d190ec7bf90faa661d6d64566e7af"
url = "https://dl.google.com/go/go1.26.2.darwin-arm64.tar.gz"

[tools.go."platforms.macos-x64"]
checksum = "sha256:bc3f1500d9968c36d705442d90ba91addf9271665033748b82532682e90a7966"
url = "https://dl.google.com/go/go1.26.2.darwin-amd64.tar.gz"

[tools.go."platforms.windows-x64"]
checksum = "sha256:98eb3570bade15cb826b0909338df6cc6d2cf590bc39c471142002db3832b708"
url = "https://dl.google.com/go/go1.26.2.windows-amd64.zip"

[[tools.lazygit]]
version = "0.62.2"
backend = "aqua:jesseduffield/lazygit"

[tools.lazygit."platforms.linux-arm64"]
checksum = "sha256:9ab63dd75a7e9711c4c68a37d77f4334b8099a5d6a3f8fbe8f4e2768b159c9e9"
url = "https://github.com/jesseduffield/lazygit/releases/download/v0.62.2/lazygit_0.62.2_linux_arm64.tar.gz"

[tools.lazygit."platforms.linux-arm64-musl"]
checksum = "sha256:9ab63dd75a7e9711c4c68a37d77f4334b8099a5d6a3f8fbe8f4e2768b159c9e9"
url = "https://github.com/jesseduffield/lazygit/releases/download/v0.62.2/lazygit_0.62.2_linux_arm64.tar.gz"

[tools.lazygit."platforms.linux-x64"]
checksum = "sha256:8b9a4c2d0969cbea92b45c956dd2a44e1ba76900c9df49f1c60984045ce77984"
url = "https://github.com/jesseduffield/lazygit/releases/download/v0.62.2/lazygit_0.62.2_linux_x86_64.tar.gz"

[tools.lazygit."platforms.linux-x64-musl"]
checksum = "sha256:8b9a4c2d0969cbea92b45c956dd2a44e1ba76900c9df49f1c60984045ce77984"
url = "https://github.com/jesseduffield/lazygit/releases/download/v0.62.2/lazygit_0.62.2_linux_x86_64.tar.gz"

[tools.lazygit."platforms.macos-arm64"]
checksum = "sha256:f311d96b666b4865760e39f3967edfd7bf30b5d09e52a1bc7ae511f6bdfdd02c"
url = "https://github.com/jesseduffield/lazygit/releases/download/v0.62.2/lazygit_0.62.2_darwin_arm64.tar.gz"

[tools.lazygit."platforms.macos-x64"]
checksum = "sha256:21c276a94f8ddb55d8336df60d69a5b7509e7434024445b4d51d2a11bd6c76b6"
url = "https://github.com/jesseduffield/lazygit/releases/download/v0.62.2/lazygit_0.62.2_darwin_x86_64.tar.gz"

[tools.lazygit."platforms.windows-x64"]
checksum = "sha256:805bfcb2445273b77a32b7758dfb5d2d8dbd7b80b7336ab868935584a2fad0ba"
url = "https://github.com/jesseduffield/lazygit/releases/download/v0.62.2/lazygit_0.62.2_windows_x86_64.zip"

[[tools.lsd]]
version = "1.2.0"
backend = "aqua:lsd-rs/lsd"

[tools.lsd."platforms.linux-arm64"]
checksum = "sha256:642ecb1a763b9f790a99c83a1445c117a6813ed4edb5d498d4420423c6353eb8"
url = "https://github.com/lsd-rs/lsd/releases/download/v1.2.0/lsd-v1.2.0-aarch64-unknown-linux-musl.tar.gz"

[tools.lsd."platforms.linux-arm64-musl"]
checksum = "sha256:642ecb1a763b9f790a99c83a1445c117a6813ed4edb5d498d4420423c6353eb8"
url = "https://github.com/lsd-rs/lsd/releases/download/v1.2.0/lsd-v1.2.0-aarch64-unknown-linux-musl.tar.gz"

[tools.lsd."platforms.linux-x64"]
checksum = "sha256:77849da1210336534258551a581401ba19ae6b8d7b66a2a1feff148ad41e3814"
url = "https://github.com/lsd-rs/lsd/releases/download/v1.2.0/lsd-v1.2.0-x86_64-unknown-linux-musl.tar.gz"

[tools.lsd."platforms.linux-x64-musl"]
checksum = "sha256:77849da1210336534258551a581401ba19ae6b8d7b66a2a1feff148ad41e3814"
url = "https://github.com/lsd-rs/lsd/releases/download/v1.2.0/lsd-v1.2.0-x86_64-unknown-linux-musl.tar.gz"

[tools.lsd."platforms.macos-arm64"]
checksum = "sha256:9e34a5d392ff913302098aad0543dafa1883c531eaf229b82f086c3fca675e3e"
url = "https://github.com/lsd-rs/lsd/releases/download/v1.2.0/lsd-v1.2.0-aarch64-apple-darwin.tar.gz"

[tools.lsd."platforms.macos-x64"]
checksum = "sha256:00d3c50551b270bbdf7da97816e5ba7f5fd10294cd310165f7f8b5523e738b9c"
url = "https://github.com/lsd-rs/lsd/releases/download/v1.2.0/lsd-v1.2.0-x86_64-apple-darwin.tar.gz"

[tools.lsd."platforms.windows-x64"]
checksum = "sha256:a65b9f457153934a7ce1f7e0fe1c4922a95bb2822222126e4fbaa6ee9c0d78e5"
url = "https://github.com/lsd-rs/lsd/releases/download/v1.2.0/lsd-v1.2.0-x86_64-pc-windows-msvc.zip"

[[tools.neovim]]
version = "stable"
backend = "vfox:mise-plugins/vfox-neovim"

[tools.neovim."platforms.linux-arm64"]
url = "https://github.com/neovim/neovim/releases/download/stable/nvim-linux-arm64.tar.gz"

[tools.neovim."platforms.linux-arm64-musl"]
url = "https://github.com/neovim/neovim/releases/download/stable/nvim-linux-arm64.tar.gz"

[tools.neovim."platforms.linux-x64"]
url = "https://github.com/neovim/neovim/releases/download/stable/nvim-linux-x86_64.tar.gz"

[tools.neovim."platforms.linux-x64-musl"]
url = "https://github.com/neovim/neovim/releases/download/stable/nvim-linux-x86_64.tar.gz"

[tools.neovim."platforms.macos-arm64"]
url = "https://github.com/neovim/neovim/releases/download/stable/nvim-macos-arm64.tar.gz"

[tools.neovim."platforms.macos-x64"]
url = "https://github.com/neovim/neovim/releases/download/stable/nvim-macos-x86_64.tar.gz"

[tools.neovim."platforms.windows-x64"]
url = "https://github.com/neovim/neovim/releases/download/stable/nvim-win64.zip"

[[tools.node]]
version = "24.18.0"
backend = "core:node"

[tools.node."platforms.linux-arm64"]
checksum = "sha256:6b4484c2190274175df9aa8f28e2d758a819cb1c1fe6ab481e2f95b463ab8508"
url = "https://nodejs.org/dist/v24.18.0/node-v24.18.0-linux-arm64.tar.gz"

[tools.node."platforms.linux-arm64-musl"]
checksum = "sha256:b1c6c2dc31b46dd8fb2322f4fe75b07e775c5120bc37251deeea28f529d4567b"
url = "https://unofficial-builds.nodejs.org/download/release/v24.18.0/node-v24.18.0-linux-arm64-musl.tar.gz"

[tools.node."platforms.linux-x64"]
checksum = "sha256:783130984963db7ba9cbd01089eaf2c2efb055c7c1693c943174b967b3050cb8"
url = "https://nodejs.org/dist/v24.18.0/node-v24.18.0-linux-x64.tar.gz"

[tools.node."platforms.linux-x64-musl"]
checksum = "sha256:ea58409911e141ec6b19d9178efa2d9185a13295005b1cbf5521b3157eed1d95"
url = "https://unofficial-builds.nodejs.org/download/release/v24.18.0/node-v24.18.0-linux-x64-musl.tar.gz"

[tools.node."platforms.macos-arm64"]
checksum = "sha256:e1a97e14c99c803e96c7339403282ea05a499c32f8d83defe9ef5ec66f979ed1"
url = "https://nodejs.org/dist/v24.18.0/node-v24.18.0-darwin-arm64.tar.gz"

[tools.node."platforms.macos-x64"]
checksum = "sha256:dfd0dbd3e721503434df7b7205e719f61b3a3a31b2bcf9729b8b91fea240f080"
url = "https://nodejs.org/dist/v24.18.0/node-v24.18.0-darwin-x64.tar.gz"

[tools.node."platforms.windows-x64"]
checksum = "sha256:0ae68406b42d7725661da979b1403ec9926da205c6770827f33aac9d8f26e821"
url = "https://nodejs.org/dist/v24.18.0/node-v24.18.0-win-x64.zip"

[[tools."npm:@yarnpkg/cli-dist"]]
version = "4.17.0"
backend = "npm:@yarnpkg/cli-dist"

[[tools."npm:ccusage"]]
version = "20.0.14"
backend = "npm:ccusage"

[[tools."npm:context-mode"]]
version = "1.0.167"
backend = "npm:context-mode"

[[tools."npm:skills"]]
version = "1.5.13"
backend = "npm:skills"

[[tools.oh-my-posh]]
version = "29.19.0"
backend = "aqua:JanDeDobbeleer/oh-my-posh"

[tools.oh-my-posh."platforms.linux-arm64"]
checksum = "sha256:3226a939596a9c26dcfb26f5f40e6d2f94630bd0f919adadf224ada9b45639b9"
url = "https://github.com/JanDeDobbeleer/oh-my-posh/releases/download/v29.19.0/posh-linux-arm64"

[tools.oh-my-posh."platforms.linux-arm64-musl"]
checksum = "sha256:3226a939596a9c26dcfb26f5f40e6d2f94630bd0f919adadf224ada9b45639b9"
url = "https://github.com/JanDeDobbeleer/oh-my-posh/releases/download/v29.19.0/posh-linux-arm64"

[tools.oh-my-posh."platforms.linux-x64"]
checksum = "sha256:2c7cd7dc4e1720f6bbe381551fae28ff30c47aa001c204006716b14ac6fa90ff"
url = "https://github.com/JanDeDobbeleer/oh-my-posh/releases/download/v29.19.0/posh-linux-amd64"

[tools.oh-my-posh."platforms.linux-x64-musl"]
checksum = "sha256:2c7cd7dc4e1720f6bbe381551fae28ff30c47aa001c204006716b14ac6fa90ff"
url = "https://github.com/JanDeDobbeleer/oh-my-posh/releases/download/v29.19.0/posh-linux-amd64"

[tools.oh-my-posh."platforms.macos-arm64"]
checksum = "sha256:23cb0817c60296ab64ec8fc4be43ffdfca7405ef9e0b1e076149ba5413fb08ac"
url = "https://github.com/JanDeDobbeleer/oh-my-posh/releases/download/v29.19.0/posh-darwin-arm64"

[tools.oh-my-posh."platforms.macos-x64"]
checksum = "sha256:d94b878ac059f16acbb9aff2056b3d37c6d513a8eca1e803aaaaeb4d202c0036"
url = "https://github.com/JanDeDobbeleer/oh-my-posh/releases/download/v29.19.0/posh-darwin-amd64"

[tools.oh-my-posh."platforms.windows-x64"]
checksum = "sha256:7a0b370d4cfc5ad80e9bee81f5a31d428b3b0c76fb800adf0e9b77f674c70d70"
url = "https://github.com/JanDeDobbeleer/oh-my-posh/releases/download/v29.19.0/posh-windows-amd64.exe"

[[tools.opencode]]
version = "1.17.11"
backend = "aqua:anomalyco/opencode"

[tools.opencode."platforms.linux-arm64"]
checksum = "sha256:6c0ae8212401c78f9dcddead35d385953c7a44eb1616309365b58503dbd1b4cd"
url = "https://github.com/anomalyco/opencode/releases/download/v1.17.11/opencode-linux-arm64.tar.gz"

[tools.opencode."platforms.linux-arm64-musl"]
checksum = "sha256:8531805bdbcdd0b912652a989992a8857651fd09d715ee70c0eb9dd2f134953e"
url = "https://github.com/anomalyco/opencode/releases/download/v1.17.11/opencode-linux-arm64-musl.tar.gz"

[tools.opencode."platforms.linux-x64"]
checksum = "sha256:6aefcbbb7f04cdb4642be5208ddbfabb3c3d274f816bf42bff72eea5c244dca2"
url = "https://github.com/anomalyco/opencode/releases/download/v1.17.11/opencode-linux-x64.tar.gz"

[tools.opencode."platforms.linux-x64-musl"]
checksum = "sha256:c4bb67f7be959de6ff54a7821d9345550322a4b07cd50ca6be395a55e8643846"
url = "https://github.com/anomalyco/opencode/releases/download/v1.17.11/opencode-linux-x64-musl.tar.gz"

[tools.opencode."platforms.macos-arm64"]
checksum = "sha256:40723446013dea8252eea4f180d707f75e805af54ee85a14fd7c126513ba8342"
url = "https://github.com/anomalyco/opencode/releases/download/v1.17.11/opencode-darwin-arm64.zip"

[tools.opencode."platforms.macos-x64"]
checksum = "sha256:7f3e517bb9c7e671e8d311feecf890ccb336a20a0653fb8953b6a117c9750701"
url = "https://github.com/anomalyco/opencode/releases/download/v1.17.11/opencode-darwin-x64.zip"

[tools.opencode."platforms.windows-x64"]
checksum = "sha256:131dda928e33782d1ad3365ecce6e39c1edf9cf7abe3d48649d5b0d157ee0107"
url = "https://github.com/anomalyco/opencode/releases/download/v1.17.11/opencode-windows-x64.zip"

[[tools.pnpm]]
version = "11.9.0"
backend = "aqua:pnpm/pnpm"

[tools.pnpm."platforms.linux-arm64"]
checksum = "sha256:7981d0109fffdf8f15b838243240c8c9f9114dd4b7111d4227c1453522d75b61"
url = "https://github.com/pnpm/pnpm/releases/download/v11.9.0/pnpm-linux-arm64.tar.gz"
provenance = "github-attestations"

[tools.pnpm."platforms.linux-arm64-musl"]
checksum = "sha256:3622d3010d6af601190e7b63994fb0fe297e805699145aec949f4879f2672fb5"
url = "https://github.com/pnpm/pnpm/releases/download/v11.9.0/pnpm-linux-arm64-musl.tar.gz"
provenance = "github-attestations"

[tools.pnpm."platforms.linux-x64"]
checksum = "sha256:8d987d82585453bcf260ea5d0bae346d298f1a5e71bcde8d99976521408ad895"
url = "https://github.com/pnpm/pnpm/releases/download/v11.9.0/pnpm-linux-x64.tar.gz"
provenance = "github-attestations"

[tools.pnpm."platforms.linux-x64-musl"]
checksum = "sha256:655fcf2609e3145cfd7c2f05113429523706d0a618f2957eaa6c3562f6a5998b"
url = "https://github.com/pnpm/pnpm/releases/download/v11.9.0/pnpm-linux-x64-musl.tar.gz"
provenance = "github-attestations"

[tools.pnpm."platforms.macos-arm64"]
checksum = "sha256:ca6f98a8911ec975509464026205e2b54aed74cecd36c5ae9932e5997bd7de2a"
url = "https://github.com/pnpm/pnpm/releases/download/v11.9.0/pnpm-darwin-arm64.tar.gz"
provenance = "github-attestations"

[tools.pnpm."platforms.windows-x64"]
checksum = "sha256:82c130717a59f237c49e8eaa8a7ed75c1d8d351a5b6dedeee3196b8e1b597c6e"
url = "https://github.com/pnpm/pnpm/releases/download/v11.9.0/pnpm-win32-x64.zip"
provenance = "github-attestations"

[[tools.python]]
version = "3.14.4"
backend = "core:python"

[tools.python."platforms.linux-arm64"]
checksum = "sha256:b8b597fdb2f8dccdc502c11947b60a4b65eb6bce79cfa60c7ccf9b6e8352c60a"
url = "https://github.com/astral-sh/python-build-standalone/releases/download/20260414/cpython-3.14.4+20260414-aarch64-unknown-linux-gnu-install_only_stripped.tar.gz"
provenance = "github-attestations"

[tools.python."platforms.linux-arm64-musl"]
checksum = "sha256:a10687b226e0941632569836bc1d8fa6353a8e3e8424316467ca9cdf220b983d"
url = "https://github.com/astral-sh/python-build-standalone/releases/download/20260414/cpython-3.14.4+20260414-aarch64-unknown-linux-musl-install_only_stripped.tar.gz"
provenance = "github-attestations"

[tools.python."platforms.linux-x64"]
checksum = "sha256:fe9a9c32d13870af632cbac3dfc7528ae53597e94472aa4c7d6a42e8166136cd"
url = "https://github.com/astral-sh/python-build-standalone/releases/download/20260414/cpython-3.14.4+20260414-x86_64-unknown-linux-gnu-install_only_stripped.tar.gz"
provenance = "github-attestations"

[tools.python."platforms.linux-x64-musl"]
checksum = "sha256:d6005226cd24e780630626232c7a63243d4885fdf975dcf930a0758a0759ce14"
url = "https://github.com/astral-sh/python-build-standalone/releases/download/20260414/cpython-3.14.4+20260414-x86_64-unknown-linux-musl-install_only_stripped.tar.gz"
provenance = "github-attestations"

[tools.python."platforms.macos-arm64"]
checksum = "sha256:6f304f4ec30854611f23316578302235fb517cd970519ecdd11a8c4db87fd843"
url = "https://github.com/astral-sh/python-build-standalone/releases/download/20260414/cpython-3.14.4+20260414-aarch64-apple-darwin-install_only_stripped.tar.gz"
provenance = "github-attestations"

[tools.python."platforms.macos-x64"]
checksum = "sha256:d51250a32fa5d9f0799c7bcb71720c27b10a3afd4a7de288120f96085d508a5a"
url = "https://github.com/astral-sh/python-build-standalone/releases/download/20260414/cpython-3.14.4+20260414-x86_64-apple-darwin-install_only_stripped.tar.gz"
provenance = "github-attestations"

[tools.python."platforms.windows-x64"]
checksum = "sha256:a976991dcd085c1bb5d9a8084823a6bc8b7f9b079d8c432574a6ddd68c3a6fe1"
url = "https://github.com/astral-sh/python-build-standalone/releases/download/20260414/cpython-3.14.4+20260414-x86_64-pc-windows-msvc-install_only_stripped.tar.gz"
provenance = "github-attestations"

[[tools.ripgrep]]
version = "15.1.0"
backend = "aqua:BurntSushi/ripgrep"

[tools.ripgrep."platforms.linux-arm64"]
checksum = "sha256:2b661c6ef508e902f388e9098d9c4c5aca72c87b55922d94abdba830b4dc885e"
url = "https://github.com/BurntSushi/ripgrep/releases/download/15.1.0/ripgrep-15.1.0-aarch64-unknown-linux-gnu.tar.gz"

[tools.ripgrep."platforms.linux-x64"]
checksum = "sha256:1c9297be4a084eea7ecaedf93eb03d058d6faae29bbc57ecdaf5063921491599"
url = "https://github.com/BurntSushi/ripgrep/releases/download/15.1.0/ripgrep-15.1.0-x86_64-unknown-linux-musl.tar.gz"

[tools.ripgrep."platforms.linux-x64-musl"]
checksum = "sha256:1c9297be4a084eea7ecaedf93eb03d058d6faae29bbc57ecdaf5063921491599"
url = "https://github.com/BurntSushi/ripgrep/releases/download/15.1.0/ripgrep-15.1.0-x86_64-unknown-linux-musl.tar.gz"

[tools.ripgrep."platforms.macos-arm64"]
checksum = "sha256:378e973289176ca0c6054054ee7f631a065874a352bf43f0fa60ef079b6ba715"
url = "https://github.com/BurntSushi/ripgrep/releases/download/15.1.0/ripgrep-15.1.0-aarch64-apple-darwin.tar.gz"

[tools.ripgrep."platforms.macos-x64"]
checksum = "sha256:64811cb24e77cac3057d6c40b63ac9becf9082eedd54ca411b475b755d334882"
url = "https://github.com/BurntSushi/ripgrep/releases/download/15.1.0/ripgrep-15.1.0-x86_64-apple-darwin.tar.gz"

[tools.ripgrep."platforms.windows-x64"]
checksum = "sha256:124510b94b6baa3380d051fdf4650eaa80a302c876d611e9dba0b2e18d87493a"
url = "https://github.com/BurntSushi/ripgrep/releases/download/15.1.0/ripgrep-15.1.0-x86_64-pc-windows-msvc.zip"

[[tools.rust]]
version = "1.95.0"
backend = "core:rust"

[[tools.tree-sitter]]
version = "0.26.9"
backend = "aqua:tree-sitter/tree-sitter"

[tools.tree-sitter."platforms.linux-arm64"]
checksum = "sha256:c8feeb32115958cb44442ca4d68f6d66cf7605dbd65681e62342181ebdd6db3b"
url = "https://github.com/tree-sitter/tree-sitter/releases/download/v0.26.9/tree-sitter-linux-arm64.gz"
provenance = "github-attestations"

[tools.tree-sitter."platforms.linux-arm64-musl"]
checksum = "sha256:c8feeb32115958cb44442ca4d68f6d66cf7605dbd65681e62342181ebdd6db3b"
url = "https://github.com/tree-sitter/tree-sitter/releases/download/v0.26.9/tree-sitter-linux-arm64.gz"
provenance = "github-attestations"

[tools.tree-sitter."platforms.linux-x64"]
checksum = "sha256:9ce82137caa65864e7ca8b869fd391cef88c9bd2a01c4371b9c4dd26c2585efb"
url = "https://github.com/tree-sitter/tree-sitter/releases/download/v0.26.9/tree-sitter-linux-x64.gz"
provenance = "github-attestations"

[tools.tree-sitter."platforms.linux-x64-musl"]
checksum = "sha256:9ce82137caa65864e7ca8b869fd391cef88c9bd2a01c4371b9c4dd26c2585efb"
url = "https://github.com/tree-sitter/tree-sitter/releases/download/v0.26.9/tree-sitter-linux-x64.gz"
provenance = "github-attestations"

[tools.tree-sitter."platforms.macos-arm64"]
checksum = "sha256:e46725b2417c085b0761948abc0cc240bff6a3ab5d2128e3ad0de467ded3388d"
url = "https://github.com/tree-sitter/tree-sitter/releases/download/v0.26.9/tree-sitter-macos-arm64.gz"
provenance = "github-attestations"

[tools.tree-sitter."platforms.macos-x64"]
checksum = "sha256:a57b6044ad739ca3164cc20637db65352ccc9c69e1c34a7cda3e5a62d529b164"
url = "https://github.com/tree-sitter/tree-sitter/releases/download/v0.26.9/tree-sitter-macos-x64.gz"
provenance = "github-attestations"

[tools.tree-sitter."platforms.windows-x64"]
checksum = "sha256:dbb5309fcc76eaeb4ec358fcb72ac2eae5cd653e12967246cc63f84038d16cd8"
url = "https://github.com/tree-sitter/tree-sitter/releases/download/v0.26.9/tree-sitter-windows-x64.gz"
provenance = "github-attestations"

[[tools.typstyle]]
version = "0.15.0"
backend = "aqua:Enter-tainer/typstyle"

[tools.typstyle."platforms.linux-arm64"]
checksum = "sha256:d782f1fa1704c537542edf131bddb9b6467af72944a50b174709f904a198f3b7"
url = "https://github.com/typstyle-rs/typstyle/releases/download/v0.15.0/typstyle-aarch64-unknown-linux-gnu"

[tools.typstyle."platforms.linux-x64"]
checksum = "sha256:4ee395be9c923eaffdfcc84d4cea7c54d8087ce8fc380ea82d775e0915698097"
url = "https://github.com/typstyle-rs/typstyle/releases/download/v0.15.0/typstyle-x86_64-unknown-linux-musl"

[tools.typstyle."platforms.linux-x64-musl"]
checksum = "sha256:4ee395be9c923eaffdfcc84d4cea7c54d8087ce8fc380ea82d775e0915698097"
url = "https://github.com/typstyle-rs/typstyle/releases/download/v0.15.0/typstyle-x86_64-unknown-linux-musl"

[tools.typstyle."platforms.macos-arm64"]
checksum = "sha256:5603286375b060fdfd6719cac25227508473140e502ab1f7ab9557cf397b0de5"
url = "https://github.com/typstyle-rs/typstyle/releases/download/v0.15.0/typstyle-aarch64-apple-darwin"

[tools.typstyle."platforms.macos-x64"]
checksum = "sha256:5e36e61aa2e811954959f70a921d7f5f0647460dbad7f7d6d3b3eeaa37cad9e4"
url = "https://github.com/typstyle-rs/typstyle/releases/download/v0.15.0/typstyle-x86_64-apple-darwin"

[tools.typstyle."platforms.windows-x64"]
checksum = "sha256:ff04ab943537779246274dc0ff9bb71fae6a9d232ce4b54b1b5d5710c20be714"
url = "https://github.com/typstyle-rs/typstyle/releases/download/v0.15.0/typstyle-x86_64-pc-windows-msvc.exe"

[[tools.uv]]
version = "0.11.24"
backend = "aqua:astral-sh/uv"

[tools.uv."platforms.linux-arm64"]
checksum = "sha256:222fcd9878ed6f5a8565d121d1a10e1f958e3c7b42e4ec5cbc6927b2be20cc1a"
url = "https://github.com/astral-sh/uv/releases/download/0.11.24/uv-aarch64-unknown-linux-musl.tar.gz"
provenance = "github-attestations"

[tools.uv."platforms.linux-arm64-musl"]
checksum = "sha256:222fcd9878ed6f5a8565d121d1a10e1f958e3c7b42e4ec5cbc6927b2be20cc1a"
url = "https://github.com/astral-sh/uv/releases/download/0.11.24/uv-aarch64-unknown-linux-musl.tar.gz"
provenance = "github-attestations"

[tools.uv."platforms.linux-x64"]
checksum = "sha256:2f9eaa976cf8ad8574623dde6916fb87ec047524fe65b99dc11e44e33eae4bfb"
url = "https://github.com/astral-sh/uv/releases/download/0.11.24/uv-x86_64-unknown-linux-musl.tar.gz"
provenance = "github-attestations"

[tools.uv."platforms.linux-x64-musl"]
checksum = "sha256:2f9eaa976cf8ad8574623dde6916fb87ec047524fe65b99dc11e44e33eae4bfb"
url = "https://github.com/astral-sh/uv/releases/download/0.11.24/uv-x86_64-unknown-linux-musl.tar.gz"
provenance = "github-attestations"

[tools.uv."platforms.macos-arm64"]
checksum = "sha256:7578c6087c5cd76981732b1f5d126248101faebdf81016ba780a65ce03653cdf"
url = "https://github.com/astral-sh/uv/releases/download/0.11.24/uv-aarch64-apple-darwin.tar.gz"
provenance = "github-attestations"

[tools.uv."platforms.macos-x64"]
checksum = "sha256:8e026ec796a2760c33c832298b0910bf07fb369d00cc075761c321923ac37522"
url = "https://github.com/astral-sh/uv/releases/download/0.11.24/uv-x86_64-apple-darwin.tar.gz"
provenance = "github-attestations"

[tools.uv."platforms.windows-x64"]
checksum = "sha256:af9573a2e36f7020b18ec5fdde20117aae74bbad3f4acb3dc3fc03319f1aa083"
url = "https://github.com/astral-sh/uv/releases/download/0.11.24/uv-x86_64-pc-windows-msvc.zip"
provenance = "github-attestations"
