# @generated - this file is auto-generated by `mise lock` https://mise.en.dev/dev-tools/mise-lock.html

[[tools."aqua:earendil-works/pi"]]
version = "0.79.3"
backend = "aqua:earendil-works/pi"

[tools."aqua:earendil-works/pi"."platforms.linux-arm64"]
checksum = "sha256:ffc50632a036e3845a950b96e2335db8c175ff0ccfb58899fc4cb9b486966b89"
url = "https://github.com/earendil-works/pi/releases/download/v0.79.3/pi-linux-arm64.tar.gz"

[tools."aqua:earendil-works/pi"."platforms.linux-arm64-musl"]
checksum = "sha256:ffc50632a036e3845a950b96e2335db8c175ff0ccfb58899fc4cb9b486966b89"
url = "https://github.com/earendil-works/pi/releases/download/v0.79.3/pi-linux-arm64.tar.gz"

[tools."aqua:earendil-works/pi"."platforms.linux-x64"]
checksum = "sha256:631c8920eb72ff207a9f12a4d1bab39bc0fb2ac50a10ece45898b83bdd9e7f1e"
url = "https://github.com/earendil-works/pi/releases/download/v0.79.3/pi-linux-x64.tar.gz"

[tools."aqua:earendil-works/pi"."platforms.linux-x64-baseline"]
checksum = "sha256:631c8920eb72ff207a9f12a4d1bab39bc0fb2ac50a10ece45898b83bdd9e7f1e"
url = "https://github.com/earendil-works/pi/releases/download/v0.79.3/pi-linux-x64.tar.gz"

[tools."aqua:earendil-works/pi"."platforms.linux-x64-musl"]
checksum = "sha256:631c8920eb72ff207a9f12a4d1bab39bc0fb2ac50a10ece45898b83bdd9e7f1e"
url = "https://github.com/earendil-works/pi/releases/download/v0.79.3/pi-linux-x64.tar.gz"

[tools."aqua:earendil-works/pi"."platforms.linux-x64-musl-baseline"]
checksum = "sha256:631c8920eb72ff207a9f12a4d1bab39bc0fb2ac50a10ece45898b83bdd9e7f1e"
url = "https://github.com/earendil-works/pi/releases/download/v0.79.3/pi-linux-x64.tar.gz"

[tools."aqua:earendil-works/pi"."platforms.macos-arm64"]
checksum = "sha256:bdb0c2cf76d6b2f2a823d8402c2c0834050ce513cd374dfc63a2d0ebc83ca9ea"
url = "https://github.com/earendil-works/pi/releases/download/v0.79.3/pi-darwin-arm64.tar.gz"

[tools."aqua:earendil-works/pi"."platforms.macos-x64"]
checksum = "sha256:838938c2f411cc91f594a9d6011f2c2eb7070173ebd2932b0b3b81c01ec76763"
url = "https://github.com/earendil-works/pi/releases/download/v0.79.3/pi-darwin-x64.tar.gz"

[tools."aqua:earendil-works/pi"."platforms.macos-x64-baseline"]
checksum = "sha256:838938c2f411cc91f594a9d6011f2c2eb7070173ebd2932b0b3b81c01ec76763"
url = "https://github.com/earendil-works/pi/releases/download/v0.79.3/pi-darwin-x64.tar.gz"

[tools."aqua:earendil-works/pi"."platforms.windows-x64"]
checksum = "sha256:6f10c1344da777208249dd69674ffac3b0569f23b47edcc7f9434340032e6823"
url = "https://github.com/earendil-works/pi/releases/download/v0.79.3/pi-windows-x64.zip"

[tools."aqua:earendil-works/pi"."platforms.windows-x64-baseline"]
checksum = "sha256:6f10c1344da777208249dd69674ffac3b0569f23b47edcc7f9434340032e6823"
url = "https://github.com/earendil-works/pi/releases/download/v0.79.3/pi-windows-x64.zip"

[[tools."aqua:expert-lsp/expert"]]
version = "0.1.5"
backend = "aqua:expert-lsp/expert"

[tools."aqua:expert-lsp/expert"."platforms.linux-arm64"]
checksum = "sha256:2476374d9daed692679634c1e6d91814be025afdb93654bcf9e184cbbb655103"
url = "https://github.com/expert-lsp/expert/releases/download/v0.1.5/expert_linux_arm64"

[tools."aqua:expert-lsp/expert"."platforms.linux-arm64-musl"]
checksum = "sha256:2476374d9daed692679634c1e6d91814be025afdb93654bcf9e184cbbb655103"
url = "https://github.com/expert-lsp/expert/releases/download/v0.1.5/expert_linux_arm64"

[tools."aqua:expert-lsp/expert"."platforms.linux-x64"]
checksum = "sha256:9879553d2fed81cd194fd1ea10e24615733073394c24a99ca87d9ffd28a9f3d1"
url = "https://github.com/expert-lsp/expert/releases/download/v0.1.5/expert_linux_amd64"

[tools."aqua:expert-lsp/expert"."platforms.linux-x64-baseline"]
checksum = "sha256:9879553d2fed81cd194fd1ea10e24615733073394c24a99ca87d9ffd28a9f3d1"
url = "https://github.com/expert-lsp/expert/releases/download/v0.1.5/expert_linux_amd64"

[tools."aqua:expert-lsp/expert"."platforms.linux-x64-musl"]
checksum = "sha256:9879553d2fed81cd194fd1ea10e24615733073394c24a99ca87d9ffd28a9f3d1"
url = "https://github.com/expert-lsp/expert/releases/download/v0.1.5/expert_linux_amd64"

[tools."aqua:expert-lsp/expert"."platforms.linux-x64-musl-baseline"]
checksum = "sha256:9879553d2fed81cd194fd1ea10e24615733073394c24a99ca87d9ffd28a9f3d1"
url = "https://github.com/expert-lsp/expert/releases/download/v0.1.5/expert_linux_amd64"

[tools."aqua:expert-lsp/expert"."platforms.macos-arm64"]
checksum = "sha256:25970564b6094e56b7bcccae18d305cdad51c82f7de6e5004fb88f08a3ba1cde"
url = "https://github.com/expert-lsp/expert/releases/download/v0.1.5/expert_darwin_arm64"

[tools."aqua:expert-lsp/expert"."platforms.macos-x64"]
checksum = "sha256:0215cb684307feda78c3d9e9e8168a874287607e6a57b985657338656c5dfe4a"
url = "https://github.com/expert-lsp/expert/releases/download/v0.1.5/expert_darwin_amd64"

[tools."aqua:expert-lsp/expert"."platforms.macos-x64-baseline"]
checksum = "sha256:0215cb684307feda78c3d9e9e8168a874287607e6a57b985657338656c5dfe4a"
url = "https://github.com/expert-lsp/expert/releases/download/v0.1.5/expert_darwin_amd64"

[tools."aqua:expert-lsp/expert"."platforms.windows-x64"]
checksum = "sha256:63bf2f0a626e9b76bed8b29e5706679ebc2f4ccfcd431822d7d422cf2b2e72f1"
url = "https://github.com/expert-lsp/expert/releases/download/v0.1.5/expert_windows_amd64.exe"

[tools."aqua:expert-lsp/expert"."platforms.windows-x64-baseline"]
checksum = "sha256:63bf2f0a626e9b76bed8b29e5706679ebc2f4ccfcd431822d7d422cf2b2e72f1"
url = "https://github.com/expert-lsp/expert/releases/download/v0.1.5/expert_windows_amd64.exe"

[[tools.aube]]
version = "1.21.0"
backend = "github:endevco/aube"

[tools.aube."platforms.linux-arm64"]
checksum = "sha256:15f6f4c402f0d3da0c15c09f9d5237515ec1b903001a15e9bbf523352a8e2328"
url = "https://github.com/jdx/aube/releases/download/v1.21.0/aube-v1.21.0-aarch64-unknown-linux-gnu.tar.gz"
url_api = "https://api.github.com/repos/jdx/aube/releases/assets/446902056"
provenance = "github-attestations"

[tools.aube."platforms.linux-arm64-musl"]
checksum = "sha256:07da9245c5ac2ef540ed59f795aeee6986d8a9ed5127d4d9c97cbfd1cc05c308"
url = "https://github.com/jdx/aube/releases/download/v1.21.0/aube-v1.21.0-aarch64-unknown-linux-musl.tar.gz"
url_api = "https://api.github.com/repos/jdx/aube/releases/assets/446879332"
provenance = "github-attestations"

[tools.aube."platforms.linux-x64"]
checksum = "sha256:f56cb4db3b47e47b51ca8f05677dad7ddef25079e5a81f0ec6afaa0d54201bbe"
url = "https://github.com/jdx/aube/releases/download/v1.21.0/aube-v1.21.0-x86_64-unknown-linux-gnu.tar.gz"
url_api = "https://api.github.com/repos/jdx/aube/releases/assets/446882737"
provenance = "github-attestations"

[tools.aube."platforms.linux-x64-baseline"]
checksum = "sha256:f56cb4db3b47e47b51ca8f05677dad7ddef25079e5a81f0ec6afaa0d54201bbe"
url = "https://github.com/jdx/aube/releases/download/v1.21.0/aube-v1.21.0-x86_64-unknown-linux-gnu.tar.gz"
url_api = "https://api.github.com/repos/jdx/aube/releases/assets/446882737"
provenance = "github-attestations"

[tools.aube."platforms.linux-x64-musl"]
checksum = "sha256:6761c69514475a87b375d02a3782ebbab1dfdf181a584ee6b6c91814a882cb37"
url = "https://github.com/jdx/aube/releases/download/v1.21.0/aube-v1.21.0-x86_64-unknown-linux-musl.tar.gz"
url_api = "https://api.github.com/repos/jdx/aube/releases/assets/446882077"
provenance = "github-attestations"

[tools.aube."platforms.linux-x64-musl-baseline"]
checksum = "sha256:6761c69514475a87b375d02a3782ebbab1dfdf181a584ee6b6c91814a882cb37"
url = "https://github.com/jdx/aube/releases/download/v1.21.0/aube-v1.21.0-x86_64-unknown-linux-musl.tar.gz"
url_api = "https://api.github.com/repos/jdx/aube/releases/assets/446882077"
provenance = "github-attestations"

[tools.aube."platforms.macos-arm64"]
checksum = "sha256:dfc28bd63757e4454d09e0f952c8cabfb24a9afa81f1b423ead69eeaf099ea11"
url = "https://github.com/jdx/aube/releases/download/v1.21.0/aube-v1.21.0-aarch64-apple-darwin.tar.gz"
url_api = "https://api.github.com/repos/jdx/aube/releases/assets/446917336"
provenance = "github-attestations"

[tools.aube."platforms.windows-x64"]
checksum = "sha256:14ab972b4e21df08d8954fbe7cff6e2fcf26315b606046e603ff2d68849bf2c8"
url = "https://github.com/jdx/aube/releases/download/v1.21.0/aube-v1.21.0-x86_64-pc-windows-msvc.zip"
url_api = "https://api.github.com/repos/jdx/aube/releases/assets/446887788"
provenance = "github-attestations"

[tools.aube."platforms.windows-x64-baseline"]
checksum = "sha256:14ab972b4e21df08d8954fbe7cff6e2fcf26315b606046e603ff2d68849bf2c8"
url = "https://github.com/jdx/aube/releases/download/v1.21.0/aube-v1.21.0-x86_64-pc-windows-msvc.zip"
url_api = "https://api.github.com/repos/jdx/aube/releases/assets/446887788"
provenance = "github-attestations"

[[tools.bun]]
version = "1.3.14"
backend = "core:bun"

[tools.bun."platforms.linux-arm64"]
checksum = "sha256:a27ffb63a8310375836e0d6f668ae17fa8d8d18b88c37c821c65331973a19a3b"
url = "https://github.com/oven-sh/bun/releases/download/bun-v1.3.14/bun-linux-aarch64.zip"

[tools.bun."platforms.linux-arm64-musl"]
checksum = "sha256:b98e0ad3625c5c00d1d5b5ff55605c7adddbfae151861e68ade57b2d3b8703bb"
url = "https://github.com/oven-sh/bun/releases/download/bun-v1.3.14/bun-linux-aarch64-musl.zip"

[tools.bun."platforms.linux-x64"]
checksum = "sha256:951ee2aee855f08595aeec6225226a298d3fea83a3dcd6465c09cbccdf7e848f"
url = "https://github.com/oven-sh/bun/releases/download/bun-v1.3.14/bun-linux-x64.zip"

[tools.bun."platforms.linux-x64-baseline"]
checksum = "sha256:a063908ae08b7852ca10939bbdc6ceed3ddabce8fb9402dce83d65d73b36e6c7"
url = "https://github.com/oven-sh/bun/releases/download/bun-v1.3.14/bun-linux-x64-baseline.zip"

[tools.bun."platforms.linux-x64-musl"]
checksum = "sha256:14bd9aedeebf1dba67e8def9531c89bc989ecfdf1de42e5bfcaf1b8cd9294719"
url = "https://github.com/oven-sh/bun/releases/download/bun-v1.3.14/bun-linux-x64-musl.zip"

[tools.bun."platforms.linux-x64-musl-baseline"]
checksum = "sha256:56a7d6806cf155536c0178f0ea5fbd098e684fa509ebdb4fc0a7e19fb65382dc"
url = "https://github.com/oven-sh/bun/releases/download/bun-v1.3.14/bun-linux-x64-musl-baseline.zip"

[tools.bun."platforms.macos-arm64"]
checksum = "sha256:d8b96221828ad6f97ac7ac0ab7e95872341af763001e8803e8267652c2652620"
url = "https://github.com/oven-sh/bun/releases/download/bun-v1.3.14/bun-darwin-aarch64.zip"

[tools.bun."platforms.macos-x64"]
checksum = "sha256:4183df3374623e5bab315c547cfa0974533cd457d86b73b639f7a87974cd6633"
url = "https://github.com/oven-sh/bun/releases/download/bun-v1.3.14/bun-darwin-x64.zip"

[tools.bun."platforms.macos-x64-baseline"]
checksum = "sha256:3e35ad6f53971a9834bf9e6786e2adf72b5f1921cc9a9c5fde073d2972944076"
url = "https://github.com/oven-sh/bun/releases/download/bun-v1.3.14/bun-darwin-x64-baseline.zip"

[tools.bun."platforms.windows-x64"]
checksum = "sha256:0a0620930b6675d7ba440e81f4e0e00d3cfbe096c4b140d3fff02205e9e18922"
url = "https://github.com/oven-sh/bun/releases/download/bun-v1.3.14/bun-windows-x64.zip"

[tools.bun."platforms.windows-x64-baseline"]
checksum = "sha256:538f9c846355d9e847b2671bc00c47da4229a0befb24df3282b739770f3b475f"
url = "https://github.com/oven-sh/bun/releases/download/bun-v1.3.14/bun-windows-x64-baseline.zip"

[[tools.fd]]
version = "10.4.2"
backend = "aqua:sharkdp/fd"

[tools.fd."platforms.linux-arm64"]
checksum = "sha256:f32d3657473fba74e2600babc8db0b93420d51169223b7e8143b2ed55d8fd9e8"
url = "https://github.com/sharkdp/fd/releases/download/v10.4.2/fd-v10.4.2-aarch64-unknown-linux-musl.tar.gz"

[tools.fd."platforms.linux-arm64-musl"]
checksum = "sha256:f32d3657473fba74e2600babc8db0b93420d51169223b7e8143b2ed55d8fd9e8"
url = "https://github.com/sharkdp/fd/releases/download/v10.4.2/fd-v10.4.2-aarch64-unknown-linux-musl.tar.gz"

[tools.fd."platforms.linux-x64"]
checksum = "sha256:e3257d48e29a6be965187dbd24ce9af564e0fe67b3e73c9bdcd180f4ec11bdde"
url = "https://github.com/sharkdp/fd/releases/download/v10.4.2/fd-v10.4.2-x86_64-unknown-linux-musl.tar.gz"

[tools.fd."platforms.linux-x64-musl"]
checksum = "sha256:e3257d48e29a6be965187dbd24ce9af564e0fe67b3e73c9bdcd180f4ec11bdde"
url = "https://github.com/sharkdp/fd/releases/download/v10.4.2/fd-v10.4.2-x86_64-unknown-linux-musl.tar.gz"

[tools.fd."platforms.macos-arm64"]
checksum = "sha256:623dc0afc81b92e4d4606b380d7bc91916ba7b97814263e554d50923a39e480a"
url = "https://github.com/sharkdp/fd/releases/download/v10.4.2/fd-v10.4.2-aarch64-apple-darwin.tar.gz"

[tools.fd."platforms.windows-x64"]
checksum = "sha256:b2816e506390a89941c63c9187d58a3cc10e9a55f2ef0685f9ea0eccaf7c98c8"
url = "https://github.com/sharkdp/fd/releases/download/v10.4.2/fd-v10.4.2-x86_64-pc-windows-msvc.zip"

[[tools.fzf]]
version = "0.73.1"
backend = "aqua:junegunn/fzf"

[tools.fzf."platforms.linux-arm64"]
checksum = "sha256:a408b0b6c08d486307b8f1554f967b8b50ee1b3ea8b4035e3161bab31fdfc28d"
url = "https://github.com/junegunn/fzf/releases/download/v0.73.1/fzf-0.73.1-linux_arm64.tar.gz"

[tools.fzf."platforms.linux-arm64-musl"]
checksum = "sha256:a408b0b6c08d486307b8f1554f967b8b50ee1b3ea8b4035e3161bab31fdfc28d"
url = "https://github.com/junegunn/fzf/releases/download/v0.73.1/fzf-0.73.1-linux_arm64.tar.gz"

[tools.fzf."platforms.linux-x64"]
checksum = "sha256:f3252c2c366bc1700d3c85781ec8c9695998927ac127870eb049ceea2d540f8a"
url = "https://github.com/junegunn/fzf/releases/download/v0.73.1/fzf-0.73.1-linux_amd64.tar.gz"

[tools.fzf."platforms.linux-x64-baseline"]
checksum = "sha256:f3252c2c366bc1700d3c85781ec8c9695998927ac127870eb049ceea2d540f8a"
url = "https://github.com/junegunn/fzf/releases/download/v0.73.1/fzf-0.73.1-linux_amd64.tar.gz"

[tools.fzf."platforms.linux-x64-musl"]
checksum = "sha256:f3252c2c366bc1700d3c85781ec8c9695998927ac127870eb049ceea2d540f8a"
url = "https://github.com/junegunn/fzf/releases/download/v0.73.1/fzf-0.73.1-linux_amd64.tar.gz"

[tools.fzf."platforms.linux-x64-musl-baseline"]
checksum = "sha256:f3252c2c366bc1700d3c85781ec8c9695998927ac127870eb049ceea2d540f8a"
url = "https://github.com/junegunn/fzf/releases/download/v0.73.1/fzf-0.73.1-linux_amd64.tar.gz"

[tools.fzf."platforms.macos-arm64"]
checksum = "sha256:d27fd68c04fb9b42f7c73a3f7d38069a74d308e40174f64a072c747213e97286"
url = "https://github.com/junegunn/fzf/releases/download/v0.73.1/fzf-0.73.1-darwin_arm64.tar.gz"

[tools.fzf."platforms.macos-x64"]
checksum = "sha256:75bbf15248d1cf0a13eafc75b8a55f5075c437e2ba6d76899afc53f4f3e1b38c"
url = "https://github.com/junegunn/fzf/releases/download/v0.73.1/fzf-0.73.1-darwin_amd64.tar.gz"

[tools.fzf."platforms.macos-x64-baseline"]
checksum = "sha256:75bbf15248d1cf0a13eafc75b8a55f5075c437e2ba6d76899afc53f4f3e1b38c"
url = "https://github.com/junegunn/fzf/releases/download/v0.73.1/fzf-0.73.1-darwin_amd64.tar.gz"

[tools.fzf."platforms.windows-x64"]
checksum = "sha256:521a974dc32e93404265e55bffaf71a59e05e80abdf8ca4afb21a6030dc76f5f"
url = "https://github.com/junegunn/fzf/releases/download/v0.73.1/fzf-0.73.1-windows_amd64.zip"

[tools.fzf."platforms.windows-x64-baseline"]
checksum = "sha256:521a974dc32e93404265e55bffaf71a59e05e80abdf8ca4afb21a6030dc76f5f"
url = "https://github.com/junegunn/fzf/releases/download/v0.73.1/fzf-0.73.1-windows_amd64.zip"

[[tools.go]]
version = "1.26.2"
backend = "core:go"

[tools.go."platforms.linux-arm64"]
checksum = "sha256:c958a1fe1b361391db163a485e21f5f228142d6f8b584f6bef89b26f66dc5b23"
url = "https://dl.google.com/go/go1.26.2.linux-arm64.tar.gz"

[tools.go."platforms.linux-arm64-musl"]
checksum = "sha256:c958a1fe1b361391db163a485e21f5f228142d6f8b584f6bef89b26f66dc5b23"
url = "https://dl.google.com/go/go1.26.2.linux-arm64.tar.gz"

[tools.go."platforms.linux-x64"]
checksum = "sha256:990e6b4bbba816dc3ee129eaeaf4b42f17c2800b88a2166c265ac1a200262282"
url = "https://dl.google.com/go/go1.26.2.linux-amd64.tar.gz"

[tools.go."platforms.linux-x64-musl"]
checksum = "sha256:990e6b4bbba816dc3ee129eaeaf4b42f17c2800b88a2166c265ac1a200262282"
url = "https://dl.google.com/go/go1.26.2.linux-amd64.tar.gz"

[tools.go."platforms.macos-arm64"]
checksum = "sha256:32af1522bf3e3ff3975864780a429cc0b41d190ec7bf90faa661d6d64566e7af"
url = "https://dl.google.com/go/go1.26.2.darwin-arm64.tar.gz"

[tools.go."platforms.macos-x64"]
checksum = "sha256:bc3f1500d9968c36d705442d90ba91addf9271665033748b82532682e90a7966"
url = "https://dl.google.com/go/go1.26.2.darwin-amd64.tar.gz"

[tools.go."platforms.windows-x64"]
checksum = "sha256:98eb3570bade15cb826b0909338df6cc6d2cf590bc39c471142002db3832b708"
url = "https://dl.google.com/go/go1.26.2.windows-amd64.zip"

[[tools.lazygit]]
version = "0.62.2"
backend = "aqua:jesseduffield/lazygit"

[tools.lazygit."platforms.linux-arm64"]
checksum = "sha256:9ab63dd75a7e9711c4c68a37d77f4334b8099a5d6a3f8fbe8f4e2768b159c9e9"
url = "https://github.com/jesseduffield/lazygit/releases/download/v0.62.2/lazygit_0.62.2_linux_arm64.tar.gz"

[tools.lazygit."platforms.linux-arm64-musl"]
checksum = "sha256:9ab63dd75a7e9711c4c68a37d77f4334b8099a5d6a3f8fbe8f4e2768b159c9e9"
url = "https://github.com/jesseduffield/lazygit/releases/download/v0.62.2/lazygit_0.62.2_linux_arm64.tar.gz"

[tools.lazygit."platforms.linux-x64"]
checksum = "sha256:8b9a4c2d0969cbea92b45c956dd2a44e1ba76900c9df49f1c60984045ce77984"
url = "https://github.com/jesseduffield/lazygit/releases/download/v0.62.2/lazygit_0.62.2_linux_x86_64.tar.gz"

[tools.lazygit."platforms.linux-x64-baseline"]
checksum = "sha256:8b9a4c2d0969cbea92b45c956dd2a44e1ba76900c9df49f1c60984045ce77984"
url = "https://github.com/jesseduffield/lazygit/releases/download/v0.62.2/lazygit_0.62.2_linux_x86_64.tar.gz"

[tools.lazygit."platforms.linux-x64-musl"]
checksum = "sha256:8b9a4c2d0969cbea92b45c956dd2a44e1ba76900c9df49f1c60984045ce77984"
url = "https://github.com/jesseduffield/lazygit/releases/download/v0.62.2/lazygit_0.62.2_linux_x86_64.tar.gz"

[tools.lazygit."platforms.linux-x64-musl-baseline"]
checksum = "sha256:8b9a4c2d0969cbea92b45c956dd2a44e1ba76900c9df49f1c60984045ce77984"
url = "https://github.com/jesseduffield/lazygit/releases/download/v0.62.2/lazygit_0.62.2_linux_x86_64.tar.gz"

[tools.lazygit."platforms.macos-arm64"]
checksum = "sha256:f311d96b666b4865760e39f3967edfd7bf30b5d09e52a1bc7ae511f6bdfdd02c"
url = "https://github.com/jesseduffield/lazygit/releases/download/v0.62.2/lazygit_0.62.2_darwin_arm64.tar.gz"

[tools.lazygit."platforms.macos-x64"]
checksum = "sha256:21c276a94f8ddb55d8336df60d69a5b7509e7434024445b4d51d2a11bd6c76b6"
url = "https://github.com/jesseduffield/lazygit/releases/download/v0.62.2/lazygit_0.62.2_darwin_x86_64.tar.gz"

[tools.lazygit."platforms.macos-x64-baseline"]
checksum = "sha256:21c276a94f8ddb55d8336df60d69a5b7509e7434024445b4d51d2a11bd6c76b6"
url = "https://github.com/jesseduffield/lazygit/releases/download/v0.62.2/lazygit_0.62.2_darwin_x86_64.tar.gz"

[tools.lazygit."platforms.windows-x64"]
checksum = "sha256:805bfcb2445273b77a32b7758dfb5d2d8dbd7b80b7336ab868935584a2fad0ba"
url = "https://github.com/jesseduffield/lazygit/releases/download/v0.62.2/lazygit_0.62.2_windows_x86_64.zip"

[tools.lazygit."platforms.windows-x64-baseline"]
checksum = "sha256:805bfcb2445273b77a32b7758dfb5d2d8dbd7b80b7336ab868935584a2fad0ba"
url = "https://github.com/jesseduffield/lazygit/releases/download/v0.62.2/lazygit_0.62.2_windows_x86_64.zip"

[[tools.lsd]]
version = "1.2.0"
backend = "aqua:lsd-rs/lsd"

[tools.lsd."platforms.linux-arm64"]
checksum = "sha256:642ecb1a763b9f790a99c83a1445c117a6813ed4edb5d498d4420423c6353eb8"
url = "https://github.com/lsd-rs/lsd/releases/download/v1.2.0/lsd-v1.2.0-aarch64-unknown-linux-musl.tar.gz"

[tools.lsd."platforms.linux-arm64-musl"]
checksum = "sha256:642ecb1a763b9f790a99c83a1445c117a6813ed4edb5d498d4420423c6353eb8"
url = "https://github.com/lsd-rs/lsd/releases/download/v1.2.0/lsd-v1.2.0-aarch64-unknown-linux-musl.tar.gz"

[tools.lsd."platforms.linux-x64"]
checksum = "sha256:77849da1210336534258551a581401ba19ae6b8d7b66a2a1feff148ad41e3814"
url = "https://github.com/lsd-rs/lsd/releases/download/v1.2.0/lsd-v1.2.0-x86_64-unknown-linux-musl.tar.gz"

[tools.lsd."platforms.linux-x64-musl"]
checksum = "sha256:77849da1210336534258551a581401ba19ae6b8d7b66a2a1feff148ad41e3814"
url = "https://github.com/lsd-rs/lsd/releases/download/v1.2.0/lsd-v1.2.0-x86_64-unknown-linux-musl.tar.gz"

[tools.lsd."platforms.macos-arm64"]
checksum = "sha256:9e34a5d392ff913302098aad0543dafa1883c531eaf229b82f086c3fca675e3e"
url = "https://github.com/lsd-rs/lsd/releases/download/v1.2.0/lsd-v1.2.0-aarch64-apple-darwin.tar.gz"

[tools.lsd."platforms.macos-x64"]
checksum = "sha256:00d3c50551b270bbdf7da97816e5ba7f5fd10294cd310165f7f8b5523e738b9c"
url = "https://github.com/lsd-rs/lsd/releases/download/v1.2.0/lsd-v1.2.0-x86_64-apple-darwin.tar.gz"

[tools.lsd."platforms.windows-x64"]
checksum = "sha256:a65b9f457153934a7ce1f7e0fe1c4922a95bb2822222126e4fbaa6ee9c0d78e5"
url = "https://github.com/lsd-rs/lsd/releases/download/v1.2.0/lsd-v1.2.0-x86_64-pc-windows-msvc.zip"

[[tools.neovim]]
version = "stable"
backend = "vfox:mise-plugins/vfox-neovim"

[tools.neovim."platforms.linux-arm64"]
url = "https://github.com/neovim/neovim/releases/download/stable/nvim-linux-arm64.tar.gz"

[tools.neovim."platforms.linux-arm64-musl"]
url = "https://github.com/neovim/neovim/releases/download/stable/nvim-linux-arm64.tar.gz"

[tools.neovim."platforms.linux-x64"]
url = "https://github.com/neovim/neovim/releases/download/stable/nvim-linux-x86_64.tar.gz"

[tools.neovim."platforms.linux-x64-musl"]
url = "https://github.com/neovim/neovim/releases/download/stable/nvim-linux-x86_64.tar.gz"

[tools.neovim."platforms.macos-arm64"]
url = "https://github.com/neovim/neovim/releases/download/stable/nvim-macos-arm64.tar.gz"

[tools.neovim."platforms.macos-x64"]
url = "https://github.com/neovim/neovim/releases/download/stable/nvim-macos-x86_64.tar.gz"

[tools.neovim."platforms.windows-x64"]
url = "https://github.com/neovim/neovim/releases/download/stable/nvim-win64.zip"

[[tools.node]]
version = "24.16.0"
backend = "core:node"

[tools.node."platforms.linux-arm64"]
checksum = "sha256:589f5b6dd4fcfee4dfda73013903c966abaa8abd93dbc9d436544e472b4f0e74"
url = "https://nodejs.org/dist/v24.16.0/node-v24.16.0-linux-arm64.tar.gz"

[tools.node."platforms.linux-arm64-musl"]
checksum = "sha256:85dde27aa73503b03dadfa0410a800067b4e3f702fb7fcaa3beaf284dfcc69e9"
url = "https://unofficial-builds.nodejs.org/download/release/v24.16.0/node-v24.16.0-linux-arm64-musl.tar.gz"

[tools.node."platforms.linux-x64"]
checksum = "sha256:2faf6a387e9b62b888e21c54f01249fb27537ffecf1842f29f4c919d0a59a0ff"
url = "https://nodejs.org/dist/v24.16.0/node-v24.16.0-linux-x64.tar.gz"

[tools.node."platforms.linux-x64-musl"]
checksum = "sha256:50df5d8d474892d4f7b906167df36f77f5b93908f63dc532dc568219cab65841"
url = "https://unofficial-builds.nodejs.org/download/release/v24.16.0/node-v24.16.0-linux-x64-musl.tar.gz"

[tools.node."platforms.macos-arm64"]
checksum = "sha256:39189dab4eeb15706c424af0ac08a3044c9e48f7db12a7d77f6b7aafc7dd5df6"
url = "https://nodejs.org/dist/v24.16.0/node-v24.16.0-darwin-arm64.tar.gz"

[tools.node."platforms.macos-x64"]
checksum = "sha256:298b4c7b3cb80765c8703e42b90324a4ece3b6634947b89e769c3c980ab55185"
url = "https://nodejs.org/dist/v24.16.0/node-v24.16.0-darwin-x64.tar.gz"

[tools.node."platforms.windows-x64"]
checksum = "sha256:edaca9bd58ec8e92037dac4e877d52f6b8f430b81c18b57e264b4e2fb111cd56"
url = "https://nodejs.org/dist/v24.16.0/node-v24.16.0-win-x64.zip"

[[tools."npm:ccusage"]]
version = "20.0.11"
backend = "npm:ccusage"

[[tools."npm:context-mode"]]
version = "1.0.162"
backend = "npm:context-mode"

[[tools."npm:skills"]]
version = "1.5.11"
backend = "npm:skills"

[[tools.oh-my-posh]]
version = "29.15.1"
backend = "aqua:JanDeDobbeleer/oh-my-posh"

[tools.oh-my-posh."platforms.linux-arm64"]
checksum = "sha256:e179ed377ec933ef9852066a8eca372ef37e8dd544824b8d349aa3f262456d35"
url = "https://github.com/JanDeDobbeleer/oh-my-posh/releases/download/v29.15.1/posh-linux-arm64"

[tools.oh-my-posh."platforms.linux-arm64-musl"]
checksum = "sha256:e179ed377ec933ef9852066a8eca372ef37e8dd544824b8d349aa3f262456d35"
url = "https://github.com/JanDeDobbeleer/oh-my-posh/releases/download/v29.15.1/posh-linux-arm64"

[tools.oh-my-posh."platforms.linux-x64"]
checksum = "sha256:7357a76e91efcbe4c86ecbab97b08d55aaa13912762d371831a20fb4e2a9c0be"
url = "https://github.com/JanDeDobbeleer/oh-my-posh/releases/download/v29.15.1/posh-linux-amd64"

[tools.oh-my-posh."platforms.linux-x64-baseline"]
checksum = "sha256:7357a76e91efcbe4c86ecbab97b08d55aaa13912762d371831a20fb4e2a9c0be"
url = "https://github.com/JanDeDobbeleer/oh-my-posh/releases/download/v29.15.1/posh-linux-amd64"

[tools.oh-my-posh."platforms.linux-x64-musl"]
checksum = "sha256:7357a76e91efcbe4c86ecbab97b08d55aaa13912762d371831a20fb4e2a9c0be"
url = "https://github.com/JanDeDobbeleer/oh-my-posh/releases/download/v29.15.1/posh-linux-amd64"

[tools.oh-my-posh."platforms.linux-x64-musl-baseline"]
checksum = "sha256:7357a76e91efcbe4c86ecbab97b08d55aaa13912762d371831a20fb4e2a9c0be"
url = "https://github.com/JanDeDobbeleer/oh-my-posh/releases/download/v29.15.1/posh-linux-amd64"

[tools.oh-my-posh."platforms.macos-arm64"]
checksum = "sha256:45bb51b5672adf6c9012b5935135fcc9b55f1fad5998b9cdf0473940e4eaa07a"
url = "https://github.com/JanDeDobbeleer/oh-my-posh/releases/download/v29.15.1/posh-darwin-arm64"

[tools.oh-my-posh."platforms.macos-x64"]
checksum = "sha256:affa5ffa45cbd031c4351febcd384211db65612d64d063746724a96af68d4783"
url = "https://github.com/JanDeDobbeleer/oh-my-posh/releases/download/v29.15.1/posh-darwin-amd64"

[tools.oh-my-posh."platforms.macos-x64-baseline"]
checksum = "sha256:affa5ffa45cbd031c4351febcd384211db65612d64d063746724a96af68d4783"
url = "https://github.com/JanDeDobbeleer/oh-my-posh/releases/download/v29.15.1/posh-darwin-amd64"

[tools.oh-my-posh."platforms.windows-x64"]
checksum = "sha256:cdcf1922ab13d0c0a9d837008b3f3e281b16e2f2c6c705389107ce74b0b11976"
url = "https://github.com/JanDeDobbeleer/oh-my-posh/releases/download/v29.15.1/posh-windows-amd64.exe"

[tools.oh-my-posh."platforms.windows-x64-baseline"]
checksum = "sha256:cdcf1922ab13d0c0a9d837008b3f3e281b16e2f2c6c705389107ce74b0b11976"
url = "https://github.com/JanDeDobbeleer/oh-my-posh/releases/download/v29.15.1/posh-windows-amd64.exe"

[[tools.opencode]]
version = "1.17.6"
backend = "aqua:anomalyco/opencode"

[tools.opencode."platforms.linux-arm64"]
checksum = "sha256:5bc272b49c60cfdd0a6a4a1948f4530ce992bdb8eff9ae355c4a40c00f75e534"
url = "https://github.com/anomalyco/opencode/releases/download/v1.17.6/opencode-linux-arm64.tar.gz"

[tools.opencode."platforms.linux-arm64-musl"]
checksum = "sha256:c0c64c310a56bfa76bb2a51b0c576ec644eaddadbc0b28a00eed789e3e3c75a6"
url = "https://github.com/anomalyco/opencode/releases/download/v1.17.6/opencode-linux-arm64-musl.tar.gz"

[tools.opencode."platforms.linux-x64"]
checksum = "sha256:6cac705f9259415365079961c5f652269ed9e3a4613ce874f15a9d36366bea7d"
url = "https://github.com/anomalyco/opencode/releases/download/v1.17.6/opencode-linux-x64.tar.gz"

[tools.opencode."platforms.linux-x64-baseline"]
checksum = "sha256:6cac705f9259415365079961c5f652269ed9e3a4613ce874f15a9d36366bea7d"
url = "https://github.com/anomalyco/opencode/releases/download/v1.17.6/opencode-linux-x64.tar.gz"

[tools.opencode."platforms.linux-x64-musl"]
checksum = "sha256:70d66bf0ee33fa96a4cc5eda5da9b7f37f98ffa046bb99820ee55f1d496247a1"
url = "https://github.com/anomalyco/opencode/releases/download/v1.17.6/opencode-linux-x64-musl.tar.gz"

[tools.opencode."platforms.linux-x64-musl-baseline"]
checksum = "sha256:70d66bf0ee33fa96a4cc5eda5da9b7f37f98ffa046bb99820ee55f1d496247a1"
url = "https://github.com/anomalyco/opencode/releases/download/v1.17.6/opencode-linux-x64-musl.tar.gz"

[tools.opencode."platforms.macos-arm64"]
checksum = "sha256:988095413c4668c890364a720e44bc3bbac6f67ef1b9d04fb10dce55d507af00"
url = "https://github.com/anomalyco/opencode/releases/download/v1.17.6/opencode-darwin-arm64.zip"

[tools.opencode."platforms.macos-x64"]
checksum = "sha256:670ab5c43beab8dba0181b49d11cd479623ae4fbbcf94a0a161f37c500c6fe6b"
url = "https://github.com/anomalyco/opencode/releases/download/v1.17.6/opencode-darwin-x64.zip"

[tools.opencode."platforms.macos-x64-baseline"]
checksum = "sha256:670ab5c43beab8dba0181b49d11cd479623ae4fbbcf94a0a161f37c500c6fe6b"
url = "https://github.com/anomalyco/opencode/releases/download/v1.17.6/opencode-darwin-x64.zip"

[tools.opencode."platforms.windows-x64"]
checksum = "sha256:94d0f73398880019cdf5ba5614c50a053f3a59e1157a1d78a1dcfc46aed6f1f3"
url = "https://github.com/anomalyco/opencode/releases/download/v1.17.6/opencode-windows-x64.zip"

[tools.opencode."platforms.windows-x64-baseline"]
checksum = "sha256:94d0f73398880019cdf5ba5614c50a053f3a59e1157a1d78a1dcfc46aed6f1f3"
url = "https://github.com/anomalyco/opencode/releases/download/v1.17.6/opencode-windows-x64.zip"

[[tools.pnpm]]
version = "11.6.0"
backend = "aqua:pnpm/pnpm"

[tools.pnpm."platforms.linux-arm64"]
checksum = "sha256:2fec653ff6dadab340d1c3d2214688a7451cc471f39710839440b293ca7c53b0"
url = "https://github.com/pnpm/pnpm/releases/download/v11.6.0/pnpm-linux-arm64.tar.gz"
provenance = "github-attestations"

[tools.pnpm."platforms.linux-arm64-musl"]
checksum = "sha256:56a78c08cf22adf29e7dacb6f7f100139731693863d20fb94a7883463a62169e"
url = "https://github.com/pnpm/pnpm/releases/download/v11.6.0/pnpm-linux-arm64-musl.tar.gz"
provenance = "github-attestations"

[tools.pnpm."platforms.linux-x64"]
checksum = "sha256:74d64c1646385fb21691f32f0ab6aca1a9f5c829ba54d3cda3a24838a228e68c"
url = "https://github.com/pnpm/pnpm/releases/download/v11.6.0/pnpm-linux-x64.tar.gz"
provenance = "github-attestations"

[tools.pnpm."platforms.linux-x64-baseline"]
checksum = "sha256:74d64c1646385fb21691f32f0ab6aca1a9f5c829ba54d3cda3a24838a228e68c"
url = "https://github.com/pnpm/pnpm/releases/download/v11.6.0/pnpm-linux-x64.tar.gz"
provenance = "github-attestations"

[tools.pnpm."platforms.linux-x64-musl"]
checksum = "sha256:7a0c463a09d912fba6b7d9eca0a946bc228ea50f3015a05c09a29e7e85a932d7"
url = "https://github.com/pnpm/pnpm/releases/download/v11.6.0/pnpm-linux-x64-musl.tar.gz"
provenance = "github-attestations"

[tools.pnpm."platforms.linux-x64-musl-baseline"]
checksum = "sha256:7a0c463a09d912fba6b7d9eca0a946bc228ea50f3015a05c09a29e7e85a932d7"
url = "https://github.com/pnpm/pnpm/releases/download/v11.6.0/pnpm-linux-x64-musl.tar.gz"
provenance = "github-attestations"

[tools.pnpm."platforms.macos-arm64"]
checksum = "sha256:87c901635a14481fb30566a3749041134ffd4317bc6fe866c345b69fdf9b6b85"
url = "https://github.com/pnpm/pnpm/releases/download/v11.6.0/pnpm-darwin-arm64.tar.gz"
provenance = "github-attestations"

[tools.pnpm."platforms.windows-x64"]
checksum = "sha256:91c753435542b04859c689304fae0dd64eba6b40937cfa426a48485b712e4e9c"
url = "https://github.com/pnpm/pnpm/releases/download/v11.6.0/pnpm-win32-x64.zip"
provenance = "github-attestations"

[tools.pnpm."platforms.windows-x64-baseline"]
checksum = "sha256:91c753435542b04859c689304fae0dd64eba6b40937cfa426a48485b712e4e9c"
url = "https://github.com/pnpm/pnpm/releases/download/v11.6.0/pnpm-win32-x64.zip"
provenance = "github-attestations"

[[tools.python]]
version = "3.14.4"
backend = "core:python"

[tools.python."platforms.linux-arm64"]
checksum = "sha256:b8b597fdb2f8dccdc502c11947b60a4b65eb6bce79cfa60c7ccf9b6e8352c60a"
url = "https://github.com/astral-sh/python-build-standalone/releases/download/20260414/cpython-3.14.4+20260414-aarch64-unknown-linux-gnu-install_only_stripped.tar.gz"
provenance = "github-attestations"

[tools.python."platforms.linux-arm64-musl"]
checksum = "sha256:a10687b226e0941632569836bc1d8fa6353a8e3e8424316467ca9cdf220b983d"
url = "https://github.com/astral-sh/python-build-standalone/releases/download/20260414/cpython-3.14.4+20260414-aarch64-unknown-linux-musl-install_only_stripped.tar.gz"
provenance = "github-attestations"

[tools.python."platforms.linux-x64"]
checksum = "sha256:fe9a9c32d13870af632cbac3dfc7528ae53597e94472aa4c7d6a42e8166136cd"
url = "https://github.com/astral-sh/python-build-standalone/releases/download/20260414/cpython-3.14.4+20260414-x86_64-unknown-linux-gnu-install_only_stripped.tar.gz"
provenance = "github-attestations"

[tools.python."platforms.linux-x64-musl"]
checksum = "sha256:d6005226cd24e780630626232c7a63243d4885fdf975dcf930a0758a0759ce14"
url = "https://github.com/astral-sh/python-build-standalone/releases/download/20260414/cpython-3.14.4+20260414-x86_64-unknown-linux-musl-install_only_stripped.tar.gz"
provenance = "github-attestations"

[tools.python."platforms.macos-arm64"]
checksum = "sha256:6f304f4ec30854611f23316578302235fb517cd970519ecdd11a8c4db87fd843"
url = "https://github.com/astral-sh/python-build-standalone/releases/download/20260414/cpython-3.14.4+20260414-aarch64-apple-darwin-install_only_stripped.tar.gz"
provenance = "github-attestations"

[tools.python."platforms.macos-x64"]
checksum = "sha256:d51250a32fa5d9f0799c7bcb71720c27b10a3afd4a7de288120f96085d508a5a"
url = "https://github.com/astral-sh/python-build-standalone/releases/download/20260414/cpython-3.14.4+20260414-x86_64-apple-darwin-install_only_stripped.tar.gz"
provenance = "github-attestations"

[tools.python."platforms.windows-x64"]
checksum = "sha256:a976991dcd085c1bb5d9a8084823a6bc8b7f9b079d8c432574a6ddd68c3a6fe1"
url = "https://github.com/astral-sh/python-build-standalone/releases/download/20260414/cpython-3.14.4+20260414-x86_64-pc-windows-msvc-install_only_stripped.tar.gz"
provenance = "github-attestations"

[[tools.ripgrep]]
version = "15.1.0"
backend = "aqua:BurntSushi/ripgrep"

[tools.ripgrep."platforms.linux-arm64"]
checksum = "sha256:2b661c6ef508e902f388e9098d9c4c5aca72c87b55922d94abdba830b4dc885e"
url = "https://github.com/BurntSushi/ripgrep/releases/download/15.1.0/ripgrep-15.1.0-aarch64-unknown-linux-gnu.tar.gz"

[tools.ripgrep."platforms.linux-x64"]
checksum = "sha256:1c9297be4a084eea7ecaedf93eb03d058d6faae29bbc57ecdaf5063921491599"
url = "https://github.com/BurntSushi/ripgrep/releases/download/15.1.0/ripgrep-15.1.0-x86_64-unknown-linux-musl.tar.gz"

[tools.ripgrep."platforms.linux-x64-musl"]
checksum = "sha256:1c9297be4a084eea7ecaedf93eb03d058d6faae29bbc57ecdaf5063921491599"
url = "https://github.com/BurntSushi/ripgrep/releases/download/15.1.0/ripgrep-15.1.0-x86_64-unknown-linux-musl.tar.gz"

[tools.ripgrep."platforms.macos-arm64"]
checksum = "sha256:378e973289176ca0c6054054ee7f631a065874a352bf43f0fa60ef079b6ba715"
url = "https://github.com/BurntSushi/ripgrep/releases/download/15.1.0/ripgrep-15.1.0-aarch64-apple-darwin.tar.gz"

[tools.ripgrep."platforms.macos-x64"]
checksum = "sha256:64811cb24e77cac3057d6c40b63ac9becf9082eedd54ca411b475b755d334882"
url = "https://github.com/BurntSushi/ripgrep/releases/download/15.1.0/ripgrep-15.1.0-x86_64-apple-darwin.tar.gz"

[tools.ripgrep."platforms.windows-x64"]
checksum = "sha256:124510b94b6baa3380d051fdf4650eaa80a302c876d611e9dba0b2e18d87493a"
url = "https://github.com/BurntSushi/ripgrep/releases/download/15.1.0/ripgrep-15.1.0-x86_64-pc-windows-msvc.zip"

[[tools.rust]]
version = "1.95.0"
backend = "core:rust"

[[tools.tree-sitter]]
version = "0.26.9"
backend = "aqua:tree-sitter/tree-sitter"

[tools.tree-sitter."platforms.linux-arm64"]
checksum = "sha256:c8feeb32115958cb44442ca4d68f6d66cf7605dbd65681e62342181ebdd6db3b"
url = "https://github.com/tree-sitter/tree-sitter/releases/download/v0.26.9/tree-sitter-linux-arm64.gz"
provenance = "github-attestations"

[tools.tree-sitter."platforms.linux-arm64-musl"]
checksum = "sha256:c8feeb32115958cb44442ca4d68f6d66cf7605dbd65681e62342181ebdd6db3b"
url = "https://github.com/tree-sitter/tree-sitter/releases/download/v0.26.9/tree-sitter-linux-arm64.gz"
provenance = "github-attestations"

[tools.tree-sitter."platforms.linux-x64"]
checksum = "sha256:9ce82137caa65864e7ca8b869fd391cef88c9bd2a01c4371b9c4dd26c2585efb"
url = "https://github.com/tree-sitter/tree-sitter/releases/download/v0.26.9/tree-sitter-linux-x64.gz"
provenance = "github-attestations"

[tools.tree-sitter."platforms.linux-x64-baseline"]
checksum = "sha256:9ce82137caa65864e7ca8b869fd391cef88c9bd2a01c4371b9c4dd26c2585efb"
url = "https://github.com/tree-sitter/tree-sitter/releases/download/v0.26.9/tree-sitter-linux-x64.gz"
provenance = "github-attestations"

[tools.tree-sitter."platforms.linux-x64-musl"]
checksum = "sha256:9ce82137caa65864e7ca8b869fd391cef88c9bd2a01c4371b9c4dd26c2585efb"
url = "https://github.com/tree-sitter/tree-sitter/releases/download/v0.26.9/tree-sitter-linux-x64.gz"
provenance = "github-attestations"

[tools.tree-sitter."platforms.linux-x64-musl-baseline"]
checksum = "sha256:9ce82137caa65864e7ca8b869fd391cef88c9bd2a01c4371b9c4dd26c2585efb"
url = "https://github.com/tree-sitter/tree-sitter/releases/download/v0.26.9/tree-sitter-linux-x64.gz"
provenance = "github-attestations"

[tools.tree-sitter."platforms.macos-arm64"]
checksum = "sha256:e46725b2417c085b0761948abc0cc240bff6a3ab5d2128e3ad0de467ded3388d"
url = "https://github.com/tree-sitter/tree-sitter/releases/download/v0.26.9/tree-sitter-macos-arm64.gz"
provenance = "github-attestations"

[tools.tree-sitter."platforms.macos-x64"]
checksum = "sha256:a57b6044ad739ca3164cc20637db65352ccc9c69e1c34a7cda3e5a62d529b164"
url = "https://github.com/tree-sitter/tree-sitter/releases/download/v0.26.9/tree-sitter-macos-x64.gz"
provenance = "github-attestations"

[tools.tree-sitter."platforms.macos-x64-baseline"]
checksum = "sha256:a57b6044ad739ca3164cc20637db65352ccc9c69e1c34a7cda3e5a62d529b164"
url = "https://github.com/tree-sitter/tree-sitter/releases/download/v0.26.9/tree-sitter-macos-x64.gz"
provenance = "github-attestations"

[tools.tree-sitter."platforms.windows-x64"]
checksum = "sha256:dbb5309fcc76eaeb4ec358fcb72ac2eae5cd653e12967246cc63f84038d16cd8"
url = "https://github.com/tree-sitter/tree-sitter/releases/download/v0.26.9/tree-sitter-windows-x64.gz"
provenance = "github-attestations"

[tools.tree-sitter."platforms.windows-x64-baseline"]
checksum = "sha256:dbb5309fcc76eaeb4ec358fcb72ac2eae5cd653e12967246cc63f84038d16cd8"
url = "https://github.com/tree-sitter/tree-sitter/releases/download/v0.26.9/tree-sitter-windows-x64.gz"
provenance = "github-attestations"

[[tools.typstyle]]
version = "0.14.4"
backend = "aqua:Enter-tainer/typstyle"

[tools.typstyle."platforms.linux-arm64"]
checksum = "sha256:b8c220c0d940d7690fb15ef10415de35fdc115465a7534d8102459c68aeec74d"
url = "https://github.com/typstyle-rs/typstyle/releases/download/v0.14.4/typstyle-aarch64-unknown-linux-gnu"

[tools.typstyle."platforms.linux-x64"]
checksum = "sha256:48d9a9a3885855f1b4f6c2b8ea9739623bc458b99c015b77c4f50a1f342ea091"
url = "https://github.com/typstyle-rs/typstyle/releases/download/v0.14.4/typstyle-x86_64-unknown-linux-musl"

[tools.typstyle."platforms.linux-x64-musl"]
checksum = "sha256:48d9a9a3885855f1b4f6c2b8ea9739623bc458b99c015b77c4f50a1f342ea091"
url = "https://github.com/typstyle-rs/typstyle/releases/download/v0.14.4/typstyle-x86_64-unknown-linux-musl"

[tools.typstyle."platforms.macos-arm64"]
checksum = "sha256:dda3a162f2457a40570c3552cc9c01004138b33f2f921112b117d72f48bd6d56"
url = "https://github.com/typstyle-rs/typstyle/releases/download/v0.14.4/typstyle-aarch64-apple-darwin"

[tools.typstyle."platforms.macos-x64"]
checksum = "sha256:2343f7a4801d9bbda5d7441e8fea95f98b590d6aa3083da5c4e4ca3de885350f"
url = "https://github.com/typstyle-rs/typstyle/releases/download/v0.14.4/typstyle-x86_64-apple-darwin"

[tools.typstyle."platforms.windows-x64"]
checksum = "sha256:b16aebaed0aa296ef3e055d611f1e917f5849d3eb0f953bbcaa6f09f0503fb5b"
url = "https://github.com/typstyle-rs/typstyle/releases/download/v0.14.4/typstyle-x86_64-pc-windows-msvc.exe"

[[tools.uv]]
version = "0.11.21"
backend = "aqua:astral-sh/uv"

[tools.uv."platforms.linux-arm64"]
checksum = "sha256:e71badaed2a2c3a404a0a00974b51c7ed5f5bc7be947916846005b739c68a5a2"
url = "https://github.com/astral-sh/uv/releases/download/0.11.21/uv-aarch64-unknown-linux-musl.tar.gz"
provenance = "github-attestations"

[tools.uv."platforms.linux-arm64-musl"]
checksum = "sha256:e71badaed2a2c3a404a0a00974b51c7ed5f5bc7be947916846005b739c68a5a2"
url = "https://github.com/astral-sh/uv/releases/download/0.11.21/uv-aarch64-unknown-linux-musl.tar.gz"
provenance = "github-attestations"

[tools.uv."platforms.linux-x64"]
checksum = "sha256:9dadff5b9e7b1d2d011e41852a1cbca713d9d5d88194f2eb6bd240fa4fb0a719"
url = "https://github.com/astral-sh/uv/releases/download/0.11.21/uv-x86_64-unknown-linux-musl.tar.gz"
provenance = "github-attestations"

[tools.uv."platforms.linux-x64-baseline"]
checksum = "sha256:9dadff5b9e7b1d2d011e41852a1cbca713d9d5d88194f2eb6bd240fa4fb0a719"
url = "https://github.com/astral-sh/uv/releases/download/0.11.21/uv-x86_64-unknown-linux-musl.tar.gz"
provenance = "github-attestations"

[tools.uv."platforms.linux-x64-musl"]
checksum = "sha256:9dadff5b9e7b1d2d011e41852a1cbca713d9d5d88194f2eb6bd240fa4fb0a719"
url = "https://github.com/astral-sh/uv/releases/download/0.11.21/uv-x86_64-unknown-linux-musl.tar.gz"
provenance = "github-attestations"

[tools.uv."platforms.linux-x64-musl-baseline"]
checksum = "sha256:9dadff5b9e7b1d2d011e41852a1cbca713d9d5d88194f2eb6bd240fa4fb0a719"
url = "https://github.com/astral-sh/uv/releases/download/0.11.21/uv-x86_64-unknown-linux-musl.tar.gz"
provenance = "github-attestations"

[tools.uv."platforms.macos-arm64"]
checksum = "sha256:1f921d491ba5ffeea774eb04d6681ecee379101341cbb1500394993b541bf3f4"
url = "https://github.com/astral-sh/uv/releases/download/0.11.21/uv-aarch64-apple-darwin.tar.gz"
provenance = "github-attestations"

[tools.uv."platforms.macos-x64"]
checksum = "sha256:f3c8e5708a84b920c18b691214d54d2b0da6b984789caae95d47c95120cb7765"
url = "https://github.com/astral-sh/uv/releases/download/0.11.21/uv-x86_64-apple-darwin.tar.gz"
provenance = "github-attestations"

[tools.uv."platforms.macos-x64-baseline"]
checksum = "sha256:f3c8e5708a84b920c18b691214d54d2b0da6b984789caae95d47c95120cb7765"
url = "https://github.com/astral-sh/uv/releases/download/0.11.21/uv-x86_64-apple-darwin.tar.gz"
provenance = "github-attestations"

[tools.uv."platforms.windows-x64"]
checksum = "sha256:ace861f360c6de2babedc1607d0f454b6b09a820dbc8182dc15af927e4df9589"
url = "https://github.com/astral-sh/uv/releases/download/0.11.21/uv-x86_64-pc-windows-msvc.zip"
provenance = "github-attestations"

[tools.uv."platforms.windows-x64-baseline"]
checksum = "sha256:ace861f360c6de2babedc1607d0f454b6b09a820dbc8182dc15af927e4df9589"
url = "https://github.com/astral-sh/uv/releases/download/0.11.21/uv-x86_64-pc-windows-msvc.zip"
provenance = "github-attestations"

[[tools.yarn]]
version = "4.16.0"
backend = "vfox:mise-plugins/vfox-yarn"
